apiVersion: v0
kind: ImagesLock
metadata:
  generatedAt: "2024-08-30T07:55:43.608014364Z"
  generatedBy: Distribution Tooling for Helm
chart:
  name: metrics-platform
  version: 0.0.1
  appVersion: ""
images:
  - name: metrics-server
    image: registry.k8s.io/metrics-server/metrics-server:v0.7.1
    chart: metrics-platform
    digests:
      - digest: sha256:31f034feb3f16062e93be7c40efc596553c89de172e2e412e588f02382388872
        arch: linux/amd64
      - digest: sha256:7f0fc3565b6d4655d078bb8e250d0423d7c79aeb05fbc71e1ffa6ff664264d70
        arch: linux/arm64
  - name: addon-resizer
    image: registry.k8s.io/autoscaling/addon-resizer:1.8.21
    chart: metrics-platform
    digests:
      - digest: sha256:151f9fed906c4a21371f3800928cc356d20f4ceb08eb53c9ecb2849fe26ec581
        arch: linux/amd64
      - digest: sha256:745d38e2827e76d31ef2504f5bbe37004aa8724fb736968260f9193976c19e8d
        arch: linux/arm64
