apiVersion: v0
kind: ImagesLock
metadata:
  generatedAt: "2025-09-04T06:35:16.239922644Z"
  generatedBy: Distribution Tooling for Helm
chart:
  name: metrics-platform
  version: 0.0.1
  appVersion: ""
images:
  - name: metrics-server
    image: registry.k8s.io/metrics-server/metrics-server:v0.8.0
    chart: metrics-platform
    digests:
      - digest: sha256:5dd31abb8093690d9624a53277a00d2257e7e57e6766be3f9f54cf9f54cddbc1
        arch: linux/amd64
      - digest: sha256:8f49cf1b0688bb0eae18437882dbf6de2c7a2baac71b1492bc4eca25439a1bf2
        arch: linux/arm64
  - name: addon-resizer
    image: registry.k8s.io/autoscaling/addon-resizer:1.8.23
    chart: metrics-platform
    digests:
      - digest: sha256:d6e1abade519d4d19408ceffcdce20d836214bc778ed7ee414662dbaac8181ff
        arch: linux/amd64
      - digest: sha256:5551bb1ff0fff61b83a85cfb7aa83f3bbb7b2b2a20e57424a87ae627cda43e57
        arch: linux/arm64
