apiVersion: v0
kind: ImagesLock
metadata:
  generatedAt: "2025-11-12T15:00:48.954962407Z"
  generatedBy: Distribution Tooling for Helm
chart:
  name: platform-core
  version: 0.0.1
  appVersion: ""
images:
  - name: local-volume-node-cleanup-controller
    image: gcr.io/k8s-staging-sig-storage/local-volume-node-cleanup:canary
    chart: platform-core
    digests:
      - digest: sha256:5066c22ffdf79994058fdd64f53abc1633ae224d9c224262a39cb6ee6bdb01e1
        arch: linux/amd64
      - digest: sha256:e5dd114299de3ef6e9fcb921526d3b16a1dba13eb03e793f2c7e561635446be3
        arch: linux/arm64
  - name: local-static-provisioner
    image: registry.k8s.io/sig-storage/local-volume-provisioner:v2.7.0
    chart: platform-core
    digests:
      - digest: sha256:401de05a1096272333d2a073f8e4706ca3fe58d2f21a5295479e7c9ef3bdc018
        arch: linux/amd64
      - digest: sha256:9fbc67f9c5b184e1c172429accc2129ded65e2818c77386a092f558736a8e33d
        arch: linux/arm64
