dependencies:
- name: kube-prometheus-stack
  repository: https://prometheus-community.github.io/helm-charts
  version: 77.2.0
- name: prometheus-blackbox-exporter
  repository: https://prometheus-community.github.io/helm-charts
  version: 11.3.1
- name: prometheus-consul-exporter
  repository: https://prometheus-community.github.io/helm-charts
  version: 1.0.0
- name: x509-certificate-exporter
  repository: https://charts.enix.io
  version: 3.19.0
- name: yet-another-cloudwatch-exporter
  repository: https://nerdswords.github.io/helm-charts
  version: 0.38.0
- name: beyla
  repository: https://grafana.github.io/helm-charts
  version: 1.6.3
- name: tempo-distributed
  repository: https://grafana.github.io/helm-charts
  version: 1.47.1
- name: alloy
  repository: https://grafana.github.io/helm-charts
  version: 1.2.1
digest: sha256:2794038a323dba3fec4465c6b4dff2eb8dffdce193725c93bae94298524a9f2b
generated: "2025-12-16T10:45:22.572288933+01:00"
