dependencies:
- name: kube-prometheus-stack
  repository: https://prometheus-community.github.io/helm-charts
  version: 63.1.0
- name: prometheus-blackbox-exporter
  repository: https://prometheus-community.github.io/helm-charts
  version: 8.16.0
- name: prometheus-consul-exporter
  repository: https://prometheus-community.github.io/helm-charts
  version: 1.0.0
- name: x509-certificate-exporter
  repository: https://charts.enix.io
  version: 3.14.0
- name: yet-another-cloudwatch-exporter
  repository: https://nerdswords.github.io/helm-charts
  version: 0.38.0
digest: sha256:29c52b9ed9608a84d4da47eb1bd3731956cb743428a9a864607d49b563e5ee4d
generated: "2024-10-01T10:40:07.1202473+02:00"
