dependencies:
- name: kube-prometheus-stack
  repository: https://artifactory.qvantel.net/artifactory/helm-platform/
  version: 43.0.0
- name: prometheus-blackbox-exporter
  repository: https://artifactory.qvantel.net/artifactory/helm-platform/
  version: 7.1.3
- name: prometheus-consul-exporter
  repository: https://artifactory.qvantel.net/artifactory/helm-platform/
  version: 0.5.1
- name: x509-certificate-exporter
  repository: https://artifactory.qvantel.net/artifactory/helm-platform/
  version: 3.6.0
- name: kafka-lag-exporter
  repository: https://artifactory.qvantel.net/artifactory/helm-platform/
  version: 0.8.2
- name: yet-another-cloudwatch-exporter
  repository: https://nerdswords.github.io/helm-charts
  version: 0.21.0
digest: sha256:66ddc96f8f09a3ccc0ed8759c2779eef731ed6a8ddb36f1e54494c1bdea7831a
generated: "2023-08-23T15:55:47.6824131+02:00"
