dependencies:
- name: strimzi-kafka-operator
  repository: https://strimzi.io/charts/
  version: 0.43.0
- name: strimzi-kafka-operator
  repository: https://strimzi.io/charts/
  version: 0.45.1
- name: kafka-ui
  repository: https://kafbat.github.io/helm-charts/
  version: 1.5.1
digest: sha256:e2ca8e739a6d94932e2cdfd874a66b3cd6863ec833b7c4b9a162c269e143c758
generated: "2025-09-15T16:38:19.494067011+02:00"
