apiVersion: v0
kind: ImagesLock
metadata:
  generatedAt: "2025-12-08T12:39:23.6021923Z"
  generatedBy: Distribution Tooling for Helm
chart:
  name: sftpgo-platform
  version: 0.0.1
  appVersion: ""
images:
  - name: sftpgo
    image: ghcr.io/drakkan/sftpgo:v2.7.0
    chart: sftpgo-platform
    digests:
      - digest: sha256:6d9f48a129025fa9ac22523ba35286d7098d70f1e7c648f0be17ea5f993dd5c1
        arch: linux/amd64
      - digest: sha256:c1ec957f9744da9ba956368fe45d79cecb196656463bd749c1dc20606e8530f5
        arch: linux/arm64
  - name: sftpgo-alpine
    image: ghcr.io/drakkan/sftpgo:v2.7.0-alpine
    chart: sftpgo-platform
    digests:
      - digest: sha256:4a5bf79ce50a7815842c126a7026d7980adc503792facb2f6899a29eeabf552b
        arch: linux/amd64
      - digest: sha256:94bf858a3a97344f909841e81c577068cf76f6d370ecd28bcc208d91517cb4c6
        arch: linux/arm64
