apiVersion: v0
kind: ImagesLock
metadata:
  generatedAt: "2025-02-05T15:51:56.328954953Z"
  generatedBy: Distribution Tooling for Helm
chart:
  name: smartsearch-platform
  version: 0.0.1
  appVersion: ""
images:
  - name: elasticsearch
    image: docker.io/bitnami/elasticsearch:8.17.1-debian-12-r2
    chart: elasticsearch
    digests:
      - digest: sha256:38a83c05a0a167f58145122fe7ec7652cd743afb434dbb3fbcdc077e95c2a5a8
        arch: linux/amd64
      - digest: sha256:ba5145797f4e27ef4b8e2116911bc9e7226f8fe7a0465440005964f5cc5a8c87
        arch: linux/arm64
  - name: elasticsearch-exporter
    image: docker.io/bitnami/elasticsearch-exporter:1.8.0-debian-12-r9
    chart: elasticsearch
    digests:
      - digest: sha256:16ea6b2c615fa8cb12a180601dd75c9a23222dadeea3f25ff8bc4d985a422285
        arch: linux/amd64
      - digest: sha256:92ad65ba153eaaba95c081a5e77440442332ba7974c4dd9f60ab4d448b98c31b
        arch: linux/arm64
  - name: os-shell
    image: docker.io/bitnami/os-shell:12-debian-12-r35
    chart: elasticsearch
    digests:
      - digest: sha256:31415d8e37a417ec50fbcdbb8c8fbb9c0a7763934923c1877234a1cd427511d2
        arch: linux/amd64
      - digest: sha256:344db2b23709a29683a7ade43fa729fbf2f88911f6a6dcfde39e83c69e75a0bb
        arch: linux/arm64
  - name: kibana
    image: docker.io/bitnami/kibana:8.17.0-debian-12-r0
    chart: kibana
    digests:
      - digest: sha256:3411c290b05ff588275f45c863693bb5e97cbbf3045dba2d1e38cfe961361cbb
        arch: linux/amd64
      - digest: sha256:5bafed2d62d202aebf51b9fb47587117cd9dea9dfd532cc871deffbf89063f8d
        arch: linux/arm64
  - name: os-shell
    image: docker.io/bitnami/os-shell:12-debian-12-r34
    chart: kibana
    digests:
      - digest: sha256:4aea4e9e0642686f6f2220e3a88af6967443c0d1fe256b296cbba97171e0b170
        arch: linux/amd64
      - digest: sha256:997b822ddc8dc081ec0350e836a64a0a05ea1dcd278e03f298471f5d3756619c
        arch: linux/arm64
