dependencies:
- name: vector
  repository: https://helm.vector.dev
  version: 0.36.1
- name: vector
  repository: https://helm.vector.dev
  version: 0.36.1
- name: fluent-bit
  repository: https://fluent.github.io/helm-charts
  version: 0.47.10
digest: sha256:4baf95c6d9324e4907ab6773c997caa3062d31098b5ed956134f5f834924e994
generated: "2024-10-02T09:30:16.537872486+03:00"
