apiVersion: v0
kind: ImagesLock
metadata:
  generatedAt: "2024-10-30T16:43:11.669461729Z"
  generatedBy: Distribution Tooling for Helm
chart:
  name: percona-pmm-platform
  version: 0.0.1
  appVersion: ""
images:
  - name: pmm-server
    image: percona/pmm-server:2.41.2
    chart: percona-pmm-platform
    digests:
      - digest: sha256:a5c45207d6e454f18b1c341b10673e88216b9abb6c280793d8db125aedcc47d6
        arch: linux/amd64
