dependencies:
- name: aws-load-balancer-controller
  repository: https://aws.github.io/eks-charts
  version: 1.13.4
- name: aws-efs-csi-driver
  repository: https://kubernetes-sigs.github.io/aws-efs-csi-driver/
  version: 3.2.3
- name: aws-ebs-csi-driver
  repository: https://kubernetes-sigs.github.io/aws-ebs-csi-driver/
  version: 2.49.1
- name: aws-vpc-cni
  repository: https://aws.github.io/eks-charts
  version: 1.20.1
digest: sha256:d00579485dfc4f8f8b8aa1b3d3b47353ebce77ba11e498b74727a25cf26c65f2
generated: "2025-10-01T10:16:15.037038565+03:00"
