apiVersion: v0
kind: ImagesLock
metadata:
  generatedAt: "2024-10-21T09:38:22.789017985Z"
  generatedBy: Distribution Tooling for Helm
chart:
  name: metallb-platform
  version: 0.0.1
  appVersion: ""
images:
  - name: ffr
    image: quay.io/frrouting/frr:9.1.0
    chart: metallb-platform
    digests:
      - digest: sha256:3dfb852ce63ead7bdbbc5cb8236819e273f7bb54881ad6bfec880eb43874b308
        arch: linux/amd64
      - digest: sha256:b3b67aaee35bea1c1cb0e6bb9f1cc4c75fad5bc6d1fcf9e0516bc3187e5faad5
        arch: linux/arm64
  - name: metallb-speaker
    image: quay.io/metallb/speaker:v0.14.8
    chart: metallb-platform
    digests:
      - digest: sha256:c50578d7aaf9147c95e828d6d4a38d817de554cd6f8dd5512790eae48d18129e
        arch: linux/amd64
      - digest: sha256:09add5fa2289bcdcb6b3320daeb773bff874a8147c93f1be0ee9697e62aae2ab
        arch: linux/arm64
  - name: metallb-controller
    image: quay.io/metallb/controller:v0.14.8
    chart: metallb-platform
    digests:
      - digest: sha256:741e029d1c5b5b3dad2749cba166b9e2695d63dc9e8879dbeda90d5d1275aa7e
        arch: linux/amd64
      - digest: sha256:1ae4a9d498a8fed94b0d8461f47f66ffd4e68a1a07bda3ede8de9b52699bea82
        arch: linux/arm64
