apiVersion: v0
kind: ImagesLock
metadata:
  generatedAt: "2025-09-25T07:25:34.123275967Z"
  generatedBy: Distribution Tooling for Helm
chart:
  name: metallb-platform
  version: 0.0.1
  appVersion: ""
images:
  - name: ffr
    image: quay.io/frrouting/frr:9.1.0
    chart: metallb-platform
    digests:
      - digest: sha256:3dfb852ce63ead7bdbbc5cb8236819e273f7bb54881ad6bfec880eb43874b308
        arch: linux/amd64
      - digest: sha256:b3b67aaee35bea1c1cb0e6bb9f1cc4c75fad5bc6d1fcf9e0516bc3187e5faad5
        arch: linux/arm64
  - name: metallb-speaker
    image: quay.io/metallb/speaker:v0.15.2
    chart: metallb-platform
    digests:
      - digest: sha256:7dbe5e4b1ee3be1638b1620e2670649e9900768972060a31d2e809855e31e344
        arch: linux/amd64
      - digest: sha256:07f99146adbafd9a15abfc397d24b70a1fbb2b63bed3bd2652a8bb2f77179b2b
        arch: linux/arm64
  - name: metallb-controller
    image: quay.io/metallb/controller:v0.15.2
    chart: metallb-platform
    digests:
      - digest: sha256:9bd30b4ee165ad6bababa6334594d854b8c1037c385af83832fb07a4b2c23212
        arch: linux/amd64
      - digest: sha256:c7377460d90132eb603820aec16ad1fa8328a8cca85203be6138877ad4439e5a
        arch: linux/arm64
