apiVersion: v0
kind: ImagesLock
metadata:
  generatedAt: "2025-09-11T20:52:12.010175143Z"
  generatedBy: Distribution Tooling for Helm
chart:
  name: cnpg-postgres-platform
  version: 0.0.1
  appVersion: ""
images:
  - name: q-cnpg-timescale-13
    image: platform.artifactory.qvantel.net/cloudnative-pg/q-cnpg-timescale:13.18-33_1.2.1_202503141111_master_facc7d5c
    chart: cnpg-postgres-platform
    digests:
      - digest: sha256:5b284a0ef6f114a7e666ef5426cbf5bd2c0593109871db07ab2e4dce3689e88d
        arch: linux/amd64
  - name: q-cnpg-timescale-15
    image: platform.artifactory.qvantel.net/cloudnative-pg/q-cnpg-timescale:15.10-32_1.2.1_202503141111_master_facc7d5c
    chart: cnpg-postgres-platform
    digests:
      - digest: sha256:280282ba9d8d30a3be8070e05d6ee8e6d44c53082f6cb58218b7c8d1d214ad07
        arch: linux/arm64
      - digest: sha256:01825bc87fff69b99560bd6269bce43f0143171c398b242f96624b0c4f23713a
        arch: linux/amd64
  - name: q-cnpg-timescale-16
    image: platform.artifactory.qvantel.net/cloudnative-pg/q-cnpg-timescale:16.6-32_1.2.1_202503141111_master_facc7d5c
    chart: cnpg-postgres-platform
    digests:
      - digest: sha256:3b05ff4da0800afaf6d05e234d6fadee267c0ee93c05b77ec6d1db22800de244
        arch: linux/arm64
      - digest: sha256:e950ce4d5ad9d29372c7edc4b2b24f9f3d8a5176a2b1abf5b8c0dee9917b1f57
        arch: linux/amd64
  - name: q-cnpg-timescale-17
    image: platform.artifactory.qvantel.net/cloudnative-pg/q-cnpg-timescale:17.2-32_1.2.1_202503141111_master_facc7d5c
    chart: cnpg-postgres-platform
    digests:
      - digest: sha256:7d1445347429d7f53a64f449bdca7968c5f6b15e80fa4a4902491f02785e9044
        arch: linux/arm64
      - digest: sha256:da0ad799ca0e91da31400bef85c17730641720133cd45ff9c2d20cc6883ae244
        arch: linux/amd64
  - name: cloudnative-pg
    image: ghcr.io/cloudnative-pg/cloudnative-pg:1.27.0
    chart: cnpg-postgres-platform
    digests:
      - digest: sha256:3d9da468ac1df63e38ce8def562f8cfb7f4d703e2e41782991d45c7acd33fd5a
        arch: linux/amd64
      - digest: sha256:744782d6ad5dde1f321dbb34f1854f764939ae145e0ff80f8970c7fc66d3dbaa
        arch: linux/arm64
  - name: db-tools
    image: platform.artifactory.qvantel.net/platform/platform-db-tools:1.3.0_202504201254_master_e95ea903
    chart: cnpg-postgres-platform
    digests:
      - digest: sha256:500b23c0e31c3a64dfa05b80c637b309a9a7e19affad19d22a030626a1a6bd8a
        arch: linux/arm64
      - digest: sha256:812997eab3cb1ba3c39eea6b465538ed705da1fe829b0d3edebadeec60d873fc
        arch: linux/amd64
  - name: plugin-barman-cloud-sidecar
    image: ghcr.io/cloudnative-pg/plugin-barman-cloud-sidecar:v0.6.0
    chart: cnpg-postgres-platform
    digests:
      - digest: sha256:d3c8ee5cb01b7220a9c58e297b8a8e736fcaec7a178bb8d732527ce7a37e4762
        arch: linux/amd64
      - digest: sha256:cb7bbf6fba43c2397bb2a974252098172b903ae99d0da89df57d4d37e2f2e96b
        arch: linux/arm64
  - name: plugin-barman-cloud
    image: ghcr.io/cloudnative-pg/plugin-barman-cloud:v0.6.0
    chart: cnpg-postgres-platform
    digests:
      - digest: sha256:6b0e1836fa934b670b9b08a4acf908b140a6fa78e21215e784657e22841c9cda
        arch: linux/amd64
      - digest: sha256:7ead36656bc795ccda1575f11a7847c4ba760bff2581fe8c08e817762a9a2a83
        arch: linux/arm64
