apiVersion: v0
kind: ImagesLock
metadata:
  generatedAt: "2025-04-20T10:39:36.689494313Z"
  generatedBy: Distribution Tooling for Helm
chart:
  name: cnpg-postgres-platform
  version: 0.0.1
  appVersion: ""
images:
  - name: q-cnpg-timescale-13
    image: platform.artifactory.qvantel.net/cloudnative-pg/q-cnpg-timescale:13.18-33_1.2.1_202503141111_master_facc7d5c
    chart: cnpg-postgres-platform
    digests:
      - digest: sha256:5b284a0ef6f114a7e666ef5426cbf5bd2c0593109871db07ab2e4dce3689e88d
        arch: linux/amd64
  - name: q-cnpg-timescale-15
    image: platform.artifactory.qvantel.net/cloudnative-pg/q-cnpg-timescale:15.10-32_1.2.1_202503141111_master_facc7d5c
    chart: cnpg-postgres-platform
    digests:
      - digest: sha256:280282ba9d8d30a3be8070e05d6ee8e6d44c53082f6cb58218b7c8d1d214ad07
        arch: linux/arm64
      - digest: sha256:01825bc87fff69b99560bd6269bce43f0143171c398b242f96624b0c4f23713a
        arch: linux/amd64
  - name: q-cnpg-timescale-16
    image: platform.artifactory.qvantel.net/cloudnative-pg/q-cnpg-timescale:16.6-32_1.2.1_202503141111_master_facc7d5c
    chart: cnpg-postgres-platform
    digests:
      - digest: sha256:3b05ff4da0800afaf6d05e234d6fadee267c0ee93c05b77ec6d1db22800de244
        arch: linux/arm64
      - digest: sha256:e950ce4d5ad9d29372c7edc4b2b24f9f3d8a5176a2b1abf5b8c0dee9917b1f57
        arch: linux/amd64
  - name: q-cnpg-timescale-17
    image: platform.artifactory.qvantel.net/cloudnative-pg/q-cnpg-timescale:17.2-32_1.2.1_202503141111_master_facc7d5c
    chart: cnpg-postgres-platform
    digests:
      - digest: sha256:7d1445347429d7f53a64f449bdca7968c5f6b15e80fa4a4902491f02785e9044
        arch: linux/arm64
      - digest: sha256:da0ad799ca0e91da31400bef85c17730641720133cd45ff9c2d20cc6883ae244
        arch: linux/amd64
  - name: cloudnative-pg
    image: ghcr.io/cloudnative-pg/cloudnative-pg:1.24.0
    chart: cnpg-postgres-platform
    digests:
      - digest: sha256:ad0a3feaa80a90c6ce18fe6c29627c7f3250638d93eae4d1ee0be4029212f368
        arch: linux/amd64
      - digest: sha256:0a569c2cc646462a51615f537549d48c3ee88537325ec147b7002655984fe036
        arch: linux/arm64
  - name: db-tools
    image: platform.artifactory.qvantel.net/platform/platform-db-tools:1.3.0_202504201254_master_e95ea903
    chart: cnpg-postgres-platform
    digests:
      - digest: sha256:500b23c0e31c3a64dfa05b80c637b309a9a7e19affad19d22a030626a1a6bd8a
        arch: linux/arm64
      - digest: sha256:812997eab3cb1ba3c39eea6b465538ed705da1fe829b0d3edebadeec60d873fc
        arch: linux/amd64
