apiVersion: v0
kind: ImagesLock
metadata:
  generatedAt: "2025-12-15T10:36:07.536732185Z"
  generatedBy: Distribution Tooling for Helm
chart:
  name: elasticsearch-platform
  version: 0.0.1
  appVersion: ""
images:
  - name: elasticsearch
    image: docker.elastic.co/elasticsearch/elasticsearch:7.17.29
    chart: elasticsearch-platform
    digests:
      - digest: sha256:01126a41bb0faf36039fc92d628dc3c3c7a6c487811049d9509545d34be04b92
        arch: linux/amd64
      - digest: sha256:73a73af0d1080213010c992ea94145e07d12d4d027e83e3799299828897b19d8
        arch: linux/arm64
  - name: kibana
    image: docker.elastic.co/kibana/kibana:7.17.29
    chart: elasticsearch-platform
    digests:
      - digest: sha256:c689ac211451284731ce3fdd5717181c8b67b6871bb8f7a4317d9dc0d8c2dc87
        arch: linux/amd64
      - digest: sha256:0d62768c8e2c1d9534921279440b8691c57a266017bf1fa05f990cc239f0d751
        arch: linux/arm64
  - name: eck-operator
    image: docker.elastic.co/eck/eck-operator:3.2.0
    chart: elasticsearch-platform
    digests:
      - digest: sha256:2d3bb1ad133785cd250f332b143db946a2b5a634f36abe02bf64d777b68196a2
        arch: linux/amd64
      - digest: sha256:12e4078ca01a64746a0eb74f100285c8b41aec6fcf210a573442dcfbeb547e97
        arch: linux/arm64
  - name: filebeat
    image: docker.elastic.co/beats/filebeat-oss:7.17.29
    chart: elasticsearch-platform
    digests:
      - digest: sha256:7605274a8efa78222b12065e37d8a2842b4f0153a40fc09d873d5d5f2a5fe051
        arch: linux/amd64
      - digest: sha256:1ef4ec25642b3a4a8aac33b766f467b647efc87bf305ad1890a3ed1362f9532f
        arch: linux/arm64
  - name: logstash
    image: docker.elastic.co/logstash/logstash:7.17.3
    chart: elasticsearch-platform
    digests:
      - digest: sha256:234c43990d640a85f673624ffe803ae54671b4d34824359c1b356a130ce16df1
        arch: linux/amd64
      - digest: sha256:0d9ea027721e38c34a7601d79ada1ae8382307d2395c059311aaefd660d8e07a
        arch: linux/arm64
  - name: loggingsetup
    image: platform.artifactory.qvantel.net/platform/platform-k8s-tools-minimal:1.3.3_202509080945_master_90384dcc
    chart: elasticsearch-platform
    digests:
      - digest: sha256:01d431df5a9acc9973316961a7c911382bd0446c37e46b3ab69c4af6dec04118
        arch: linux/arm64
      - digest: sha256:381a4bb1cccb3892b1ca064c706f7b390f1ecc1d126d4df0d58bf34ee4f2ec40
        arch: linux/amd64
