apiVersion: v0
kind: ImagesLock
metadata:
  generatedAt: "2025-08-25T15:17:27.772856291Z"
  generatedBy: Distribution Tooling for Helm
chart:
  name: loki-platform
  version: 0.0.1
  appVersion: ""
images:
  - name: loki
    image: docker.io/grafana/loki:3.5.3
    chart: loki-platform
    digests:
      - digest: sha256:94828396c18bcb1319270387766be9aae0454f8e0cb38557e70848490509a9d4
        arch: linux/amd64
      - digest: sha256:69112907f83af2ccf5f502935fcdc3dca0effd0693f36db700641a47ffe02a52
        arch: linux/arm64
  - name: loki-sidecar
    image: kiwigrid/k8s-sidecar:1.30.7
    chart: loki-platform
    digests:
      - digest: sha256:d3749777d5bedf62549b452a7e2ccb205da53588dc7f04927efc75d0da5b6d23
        arch: linux/amd64
      - digest: sha256:a0b1d922ab0f56c310a03729b78e28f26b13b442a2887ca4894defcf55080e0a
        arch: linux/arm64
  - name: memcached
    image: docker.io/library/memcached:1.6.38-alpine
    chart: loki-platform
    digests:
      - digest: sha256:43881a4a56a9ad130834fe1da183c2822234f78c19f65c6386a66e448b8944e0
        arch: linux/amd64
      - digest: sha256:eaf8a809be9470d3e96e92f7e2c46aa5a46234fb8d62bd6a2ee3e97d3d2e40e6
        arch: linux/arm64
