apiVersion: v0
kind: ImagesLock
metadata:
  generatedAt: "2025-09-03T12:36:23.596663423Z"
  generatedBy: Distribution Tooling for Helm
chart:
  name: vector-platform
  version: 0.0.1
  appVersion: ""
images:
  - name: fluent-bit
    image: cr.fluentbit.io/fluent/fluent-bit:4.0.8
    chart: vector-platform
    digests:
      - digest: sha256:08f0d5796ef43f75f7967304001e102df9da28c01929be2a30a413d9851c39ee
        arch: linux/amd64
      - digest: sha256:ae1a43af4281c846998d811788dec4410963909e26845acd85f686a3bdde8fbc
        arch: linux/arm64
  - name: vector
    image: docker.io/timberio/vector:0.49.0-distroless-libc
    chart: vector-platform
    digests:
      - digest: sha256:064e9e1f2090ea76d2b0b5278ef36e4977f7c5a93013dca6f10b9ae9755e0241
        arch: linux/amd64
      - digest: sha256:c50d8ea14b01e77762793a28f258f4cb2e212d9ec724968a362667d049284cf6
        arch: linux/arm64
  - name: haproxy-alpine
    image: docker.io/haproxytech/haproxy-alpine:2.6.12
    chart: vector-platform
    digests:
      - digest: sha256:e758f95e4c6c0440d66e741255a1855a647d966499d66cbbca0a708b93f5ec9f
        arch: linux/amd64
      - digest: sha256:23116f314d0eba4bc541660cfcadebbad63c11fe2c86d2ee16efb578c52ba364
        arch: linux/arm64
