apiVersion: v0
kind: ImagesLock
metadata:
  generatedAt: "2024-11-06T15:28:39.6884256Z"
  generatedBy: Distribution Tooling for Helm
chart:
  name: instana-platform
  version: 0.0.1
  appVersion: ""
images:
  - name: agent-static
    image: icr.io/instana/agent:1.276.0
    chart: instana-platform
    digests:
      - digest: sha256:933ac2ebaa67687b6cdef755ed30825f2fc31592960683e6b96c07fe33670f2d
        arch: linux/amd64
      - digest: sha256:dfd0d5cdf929a702782edc765ebef456f49e8500406ac3df0753fed5a91308f8
        arch: linux/arm64
  - name: leader-elector
    image: icr.io/instana/leader-elector:0.5.19
    chart: instana-platform
    digests:
      - digest: sha256:0e849dd3903cced2d19e73390a5ffc70b0aa35d1f3b2e4b567e64850bcdf70d5
        arch: linux/amd64
      - digest: sha256:1af592691975d10be8f30c8bf9030670e5f4ad4cd1b0ed83ee5ff7c09ac74466
        arch: linux/arm64
  - name: k8sensor
    image: icr.io/instana/k8sensor:ffb74e9
    chart: instana-platform
    digests:
      - digest: sha256:e7f5bbefa6079992ed5e4c8d858b7306f7545c9c621ff99fbe74a9143e56f569
        arch: linux/amd64
      - digest: sha256:7ecbf1ad70a073f38e6c9603783f918b4a64e6874a8746cf1d8ebed118bbe26b
        arch: linux/arm64
