apiVersion: v0
kind: ImagesLock
metadata:
  generatedAt: "2024-08-01T11:05:36.840736149Z"
  generatedBy: Distribution Tooling for Helm
chart:
  name: instana-platform
  version: 0.0.1
  appVersion: ""
images:
  - name: agent-static
    image: platform-artifactory.qvantel.net/agent/static:1.276.0
    chart: instana-platform
    digests:
      - digest: sha256:8dc3acc9430cec29c5dd3d906cbe87e9ea3033768f3d5e0596590781c6f2a07b
        arch: linux/amd64
      - digest: sha256:931153aad20d7ec99b349536bbe6d4e2240cbcd1ef76d4c1bf173aa1e7d6afda
        arch: linux/arm64
  - name: leader-elector
    image: platform-artifactory.qvantel.net/instana/leader-elector:0.5.19
    chart: instana-platform
    digests:
      - digest: sha256:0e849dd3903cced2d19e73390a5ffc70b0aa35d1f3b2e4b567e64850bcdf70d5
        arch: linux/amd64
      - digest: sha256:1af592691975d10be8f30c8bf9030670e5f4ad4cd1b0ed83ee5ff7c09ac74466
        arch: linux/arm64
  - name: k8sensor
    image: platform-artifactory.qvantel.net/instana/k8sensor:Q-1.0.0
    chart: instana-platform
    digests:
      - digest: sha256:6ddf769fe58dd8071107444cbf0db2800d3ef74538b363d64bcdc5df0cb18b3a
        arch: linux/amd64
      - digest: sha256:f9d72e3c61137aec24b4805365493cadf46b5a2ac3215a902b7baab0b3493048
        arch: linux/arm64
