apiVersion: v0
kind: ImagesLock
metadata:
  generatedAt: "2025-09-29T12:12:38.917350153Z"
  generatedBy: Distribution Tooling for Helm
chart:
  name: aws-platform
  version: 0.0.1
  appVersion: ""
images:
  - name: aws-ebs-csi-driver
    image: public.ecr.aws/ebs-csi-driver/aws-ebs-csi-driver:v1.49.0
    chart: aws-platform
    digests:
      - digest: sha256:fc6bc59f52a1219362935ff4a7366f8cd81da982e1b3b8da7e29be272b22a280
        arch: linux/amd64
      - digest: sha256:041a0782749231be06e5e8e3a06ceda5991c1a6acebf10b75132a9617f13325a
        arch: linux/arm64
  - name: csi-provisioner
    image: public.ecr.aws/csi-components/csi-provisioner:v5.3.0-eksbuild.4
    chart: aws-platform
    digests:
      - digest: sha256:d17909b3441b9d6411d03e229627eccf8bf28af1350cdc01083839a0ecd69de5
        arch: linux/amd64
      - digest: sha256:faf5712f2d11476d4df6ec0172f12a95d08bc6ecfa4a0b8319b15e300d792de7
        arch: linux/arm64
  - name: csi-attacher
    image: public.ecr.aws/csi-components/csi-attacher:v4.9.0-eksbuild.4
    chart: aws-platform
    digests:
      - digest: sha256:4281d972e738dc6562116b968d7d7b7179749d4989d516fe144e16b544e337af
        arch: linux/amd64
      - digest: sha256:cd851adfe301deba9e02c3bedca28ad592866950012c0302532fb3176a13964f
        arch: linux/arm64
  - name: csi-snapshotter
    image: public.ecr.aws/csi-components/csi-snapshotter:v8.3.0-eksbuild.2
    chart: aws-platform
    digests:
      - digest: sha256:f36037c6de2f2163b6fb650062e5caa49cfc5b6304704f698a7e4a13c796e2a1
        arch: linux/amd64
      - digest: sha256:09d403eb7bcf1ee782868569f0cd1a8b32cac9c34571c0f0c71ca7c9afc843f8
        arch: linux/arm64
  - name: livenessprobe
    image: public.ecr.aws/csi-components/livenessprobe:v2.16.0-eksbuild.5
    chart: aws-platform
    digests:
      - digest: sha256:4e62d38e79da278ded64cfdb33932e0d4fc3b588fd64d3b002b07dcc47a36299
        arch: linux/amd64
      - digest: sha256:079aeacb422664fc2eee4ab056600bed9f5e79db81e69b3593f51101ff373beb
        arch: linux/arm64
  - name: csi-resizer
    image: public.ecr.aws/csi-components/csi-resizer:v1.14.0-eksbuild.4
    chart: aws-platform
    digests:
      - digest: sha256:d08c72f6dcf6c927d86d09bca547bee59fd72aa6142ed6d7f8fad7c2829e8ea9
        arch: linux/amd64
      - digest: sha256:5bb84ff912e71bdef94eb1140d84ff3326e12d215d7b02391799763100d6eebd
        arch: linux/arm64
  - name: csi-node-driver-registrar
    image: public.ecr.aws/csi-components/csi-node-driver-registrar:v2.14.0-eksbuild.5
    chart: aws-platform
    digests:
      - digest: sha256:5380f35f99e3721718a5db0a8237bcbf818dfcb369ace327c927fe63a45f82a1
        arch: linux/amd64
      - digest: sha256:452e254e9dbc6a50b056af765e740e509591af2af5bbdceb7f78ed895a047238
        arch: linux/arm64
  - name: volume-modifier-for-k8s
    image: public.ecr.aws/ebs-csi-driver/volume-modifier-for-k8s:v0.8.0
    chart: aws-platform
    digests:
      - digest: sha256:46f594957ce00e3669dbbfa9e37a96d0aa2874410a37d87b172480c15943a00c
        arch: linux/amd64
      - digest: sha256:92aef41c400481d2099ab06c841aa8997d20da7495c8a5e40c0e151d9bb2b53d
        arch: linux/arm64
  - name: aws-efs-csi-driver
    image: public.ecr.aws/efs-csi-driver/amazon/aws-efs-csi-driver:v2.1.12
    chart: aws-platform
    digests:
      - digest: sha256:32ff26af702abebdc91600ad5a5461b7d182ebc5a213778a7baf0abf92379f54
        arch: linux/amd64
      - digest: sha256:222f9cfcabe564907a93f3268120270727423ec34398270246dcc8c4ee4a6485
        arch: linux/arm64
  - name: aws-load-balancer-controller
    image: public.ecr.aws/eks/aws-load-balancer-controller:v2.13.4
    chart: aws-platform
    digests:
      - digest: sha256:20fc8b56e7c8606595530c76f9d95c7432e5dbd86258fbcab46fa5609d0fb17d
        arch: linux/amd64
      - digest: sha256:c9a24895b20f1d7c2c2e0eb67c5e4bbf9a43a4f99237f4f98a596f1c1268a6cd
        arch: linux/arm64
  - name: init-udev-rule
    image: platform.artifactory.qvantel.net/platform/platform-k8s-tools-minimal:1.3.3_202509080945_master_90384dcc
    chart: aws-platform
    digests:
      - digest: sha256:01d431df5a9acc9973316961a7c911382bd0446c37e46b3ab69c4af6dec04118
        arch: linux/arm64
      - digest: sha256:381a4bb1cccb3892b1ca064c706f7b390f1ecc1d126d4df0d58bf34ee4f2ec40
        arch: linux/amd64
  - name: dummy-container
    image: platform.artifactory.qvantel.net/platform/platform-k8s-tools-minimal:1.3.3_202509080945_master_90384dcc
    chart: aws-platform
    digests:
      - digest: sha256:01d431df5a9acc9973316961a7c911382bd0446c37e46b3ab69c4af6dec04118
        arch: linux/arm64
      - digest: sha256:381a4bb1cccb3892b1ca064c706f7b390f1ecc1d126d4df0d58bf34ee4f2ec40
        arch: linux/amd64
