apiVersion: v0
kind: ImagesLock
metadata:
  generatedAt: "2025-08-22T13:41:39.304801512Z"
  generatedBy: Distribution Tooling for Helm
chart:
  name: cert-platform
  version: 0.0.1
  appVersion: ""
images:
  - name: cert-manager
    image: quay.io/jetstack/cert-manager-controller:v1.18.2
    chart: cert-platform
    digests:
      - digest: sha256:058a3ee5b133f964acefbd5926a08ace1fb7c0775b92d3bc11e4c7a33de71e25
        arch: linux/amd64
      - digest: sha256:980ecb589b54e91fa5c1cd97a0f1689e39ba62eb2904bcf43f63893671065780
        arch: linux/arm64
  - name: cainjector
    image: quay.io/jetstack/cert-manager-cainjector:v1.18.2
    chart: cert-platform
    digests:
      - digest: sha256:fd289495aed22983861cd8359fc535878ba388842faa9a01a33ebc5c9fe820d2
        arch: linux/amd64
      - digest: sha256:5d3ae4ae5ba2135ebdc302e943e385544f975179aca9d6039a37e480e431e97c
        arch: linux/arm64
  - name: webhook
    image: quay.io/jetstack/cert-manager-webhook:v1.18.2
    chart: cert-platform
    digests:
      - digest: sha256:88f79993c4ad584324262419338d4a92919ea1495d984f44e34181c33d33e290
        arch: linux/amd64
      - digest: sha256:ec280149b4ab0a2c4270deb0c9d5a7eb27ce8ae0cd2790140ca865fc6be5c0a1
        arch: linux/arm64
  - name: acmesolver
    image: quay.io/jetstack/cert-manager-acmesolver:v1.18.2
    chart: cert-platform
    digests:
      - digest: sha256:b3718a60d47e3f0444d4d42949d816a97384642987cd6094c35a9827ba19aab8
        arch: linux/amd64
      - digest: sha256:397fad51315a752ad6f63ac63b724cae849ce4c7731cf3020455afdc8dde7f7f
        arch: linux/arm64
  - name: startupapicheck
    image: quay.io/jetstack/cert-manager-startupapicheck:v1.18.2
    chart: cert-platform
    digests:
      - digest: sha256:f37f4e84f892ec7d44432971336cd4f591a5eaf4f086b5f14d3d7d065721341b
        arch: linux/amd64
      - digest: sha256:3fa025c179daeb3672c100ff6c8398f4e428e31e1470b3acaa86ca958bdab7af
        arch: linux/arm64
