apiVersion: v0
kind: ImagesLock
metadata:
  generatedAt: "2024-08-01T11:03:32.616436696Z"
  generatedBy: Distribution Tooling for Helm
chart:
  name: cert-platform
  version: 0.0.1
  appVersion: ""
images:
  - name: cert-manager
    image: quay.io/jetstack/cert-manager-controller:v1.12.4
    chart: cert-platform
    digests:
      - digest: sha256:6e1ac1014429fe5d1b3178963662c0a0d26179040ecb097335df888f666e40aa
        arch: linux/amd64
      - digest: sha256:fb7dda079c7a706f45097f59c0b7a667c4c6bb0f1d945a1d60bfbc837203c6b5
        arch: linux/arm64
  - name: cainjector
    image: quay.io/jetstack/cert-manager-cainjector:v1.12.4
    chart: cert-platform
    digests:
      - digest: sha256:7650d32936770ee29e80c9e487e136b9fa96e828cc6ca744555f5f82e634c635
        arch: linux/amd64
      - digest: sha256:60a27305e6885ced3f016053bc1d9d6b6f5164bc1239d381f67ae2438d522c82
        arch: linux/arm64
  - name: webhook
    image: quay.io/jetstack/cert-manager-webhook:v1.12.4
    chart: cert-platform
    digests:
      - digest: sha256:5981e72c90a931bc6852d79516ab9f9ba5eb5253d22299222e7d1c69552d9023
        arch: linux/amd64
      - digest: sha256:84680c65f894994e6576f492bee39b8151da7c9375ad26fc5ea213ee4bb08d40
        arch: linux/arm64
  - name: acmesolver
    image: quay.io/jetstack/cert-manager-acmesolver:v1.12.4
    chart: cert-platform
    digests:
      - digest: sha256:9cef1b382f0d1c1bad156e058fb01cf975cc75631f6ed1891812d08db23be91b
        arch: linux/amd64
      - digest: sha256:04dacac0afcad4df95bee9d146664a4bb32d9ece4cb5a5591f8547c453c249b7
        arch: linux/arm64
  - name: cert-manager-ctl
    image: quay.io/jetstack/cert-manager-ctl:v1.12.4
    chart: cert-platform
    digests:
      - digest: sha256:8e63eccde53be988d1bdfc887b7fd21c09e313e20f33ee64c48335e9324e3cc5
        arch: linux/amd64
      - digest: sha256:47b93b3bba9d87eef95f44f851283ad79dd0a94e652b51e978ae617776b9da22
        arch: linux/arm64
