apiVersion: v0
kind: ImagesLock
metadata:
  generatedAt: "2024-08-29T21:11:58.244542147Z"
  generatedBy: Distribution Tooling for Helm
chart:
  name: cert-platform
  version: 0.0.1
  appVersion: ""
images:
  - name: cert-manager
    image: quay.io/jetstack/cert-manager-controller:v1.12.13
    chart: cert-platform
    digests:
      - digest: sha256:9dd9fc81b4e84c2d43ae5727555daf5b4734bedab90491d5305a2d19acceb66f
        arch: linux/amd64
      - digest: sha256:a0ac267006ed1d9240b5deda22c5fc80ddceaad739141064d3b541be72755a23
        arch: linux/arm64
  - name: cainjector
    image: quay.io/jetstack/cert-manager-cainjector:v1.12.13
    chart: cert-platform
    digests:
      - digest: sha256:b7eca08abd547be1d8488ff7e98f1d834d19832082a3b24ba934058043d5e0a3
        arch: linux/amd64
      - digest: sha256:d85f6dbb293536d76d6789d94c4f8f6dd2b93fb338098b112880044105588ae7
        arch: linux/arm64
  - name: webhook
    image: quay.io/jetstack/cert-manager-webhook:v1.12.13
    chart: cert-platform
    digests:
      - digest: sha256:7a9dd18f58e70a5cf022f675c7bd3a3554352048475ddb40bebbd6af2e6fa635
        arch: linux/amd64
      - digest: sha256:c8b4109be14a02804c120adcc0422355299a08073587434fe4090ea4c1d290f5
        arch: linux/arm64
  - name: acmesolver
    image: quay.io/jetstack/cert-manager-acmesolver:v1.12.13
    chart: cert-platform
    digests:
      - digest: sha256:9050f0a1513212f30bba57b090bce512a299a77a80d6ada2ca6f1c2e57622b09
        arch: linux/amd64
      - digest: sha256:f0626be9c052558550981c4d2a5f0254b0b6297c60085c443e661fad8932e515
        arch: linux/arm64
  - name: cert-manager-ctl
    image: quay.io/jetstack/cert-manager-ctl:v1.12.13
    chart: cert-platform
    digests:
      - digest: sha256:da7b9fd4dc0098091a6db73dbe5b33e1de106e4060d36ba7371e2ce477c19d9e
        arch: linux/amd64
      - digest: sha256:0bb4dea5e93ff7c9cd4b9d591119db633a280b3b1824b0f8b7e47115f9a6b390
        arch: linux/arm64
