apiVersion: v0
kind: ImagesLock
metadata:
  generatedAt: "2025-11-06T08:12:10.774033999Z"
  generatedBy: Distribution Tooling for Helm
chart:
  name: mariadb-operator-platform
  version: 0.0.1
  appVersion: ""
images:
  - name: mariadb-operator
    image: docker-registry3.mariadb.com/mariadb-operator/mariadb-operator:25.10.2
    chart: mariadb-operator-platform
    digests:
      - digest: sha256:0225ea19c66a1059f2757dd02c239ee2ec19cb189aeaaafa7431ffdb20ebe385
        arch: linux/arm64
      - digest: sha256:aff499865ca460b915c2178b14eae3f7768c8add6e92956f2049bdd2a2ff751d
        arch: linux/amd64
  - name: mariadb-10-6
    image: docker.io/mariadb:10.6.19
    chart: mariadb-operator-platform
    digests:
      - digest: sha256:dfc3273c65d43677180a2ce67ac8e941b1c5cfbea4027a2fc78842cfc8cde0b7
        arch: linux/amd64
      - digest: sha256:02662a1b77ce0031ebbba3a0eb4059eaa745060bb363a16ab6d4b2e351502444
        arch: linux/arm64
  - name: mariadb-10-11
    image: docker.io/mariadb:10.11.9
    chart: mariadb-operator-platform
    digests:
      - digest: sha256:100717846f551a000e2b16e592643973e63ccf4dc759ce6416732710e1762364
        arch: linux/amd64
      - digest: sha256:b720833d4c6eb8e6ee58724cf07e14f070ab479d80bfdaab0ccb6925112e4b32
        arch: linux/arm64
  - name: mariadb-11-4
    image: docker.io/mariadb:11.4.8
    chart: mariadb-operator-platform
    digests:
      - digest: sha256:37e2b5002ab032f8611e4ccc424d7009d8bbf8992d511de15af32b0e84deb01c
        arch: linux/amd64
      - digest: sha256:7ceccff012fa12bfc9388dff52c018fe0bdf4177cc3d925a26f58d9758b42fbc
        arch: linux/arm64
  - name: maxscale
    image: docker-registry2.mariadb.com/mariadb/maxscale:23.08.5
    chart: mariadb-operator-platform
    digests:
      - digest: sha256:5081aa9457a9d217c61fd87e162c05a60ca38db770df9890bf66460346b57a87
        arch: linux/amd64
      - digest: sha256:674ff05fb75d15c6a045e23db17ab9402b14c350ba2d6abfaab4db2a7cd5aba4
        arch: linux/arm64
  - name: mariadb-exporter
    image: prom/mysqld-exporter:v0.15.1
    chart: mariadb-operator-platform
    digests:
      - digest: sha256:cc6b391a57862699c0cc2fafbc7b53aec66f503291b3258e44d3fd1d61487fc1
        arch: linux/amd64
      - digest: sha256:40a1de57cc39e13c4dd2f1f5fe13f1bc78a93d6196442a58f7be2f28f5bcec98
        arch: linux/arm64
  - name: maxscale-exporter
    image: docker-registry2.mariadb.com/mariadb/maxscale-prometheus-exporter-ubi:v0.0.1
    chart: mariadb-operator-platform
    digests:
      - digest: sha256:dc07389d5c2e3b858a368193c03fb7bfa841e8b071914ef26930b916a299d6b2
        arch: linux/arm64
      - digest: sha256:31cd85a021265395062a8a2f9e89df372e974686b379c638bd66c5c329fe562d
        arch: linux/amd64
