dependencies:
- name: vault-secrets-webhook
  repository: oci://ghcr.io/bank-vaults/helm-charts
  version: 1.22.1
- name: vault
  repository: https://helm.releases.hashicorp.com
  version: 0.30.1
digest: sha256:25aa8b8d75dc586160ddccc18ebaf93108548174ab3e23349a65a4b5644d2e93
generated: "2025-12-02T09:12:35.553837585+02:00"
