dependencies:
- name: vault-secrets-webhook
  repository: oci://ghcr.io/bank-vaults/helm-charts
  version: 1.21.3
- name: vault
  repository: https://helm.releases.hashicorp.com
  version: 0.28.1
digest: sha256:9498b90bf8f32ccb24e153e76e39f16462c85c850d2caaed230e768581840133
generated: "2024-10-04T10:44:53.948965133+03:00"
