apiVersion: v0
kind: ImagesLock
metadata:
  generatedAt: "2024-10-07T16:50:29.954537478Z"
  generatedBy: Distribution Tooling for Helm
chart:
  name: kasope-platform
  version: 0.0.1
  appVersion: ""
images:
  - name: cass-operator
    image: cr.k8ssandra.io/k8ssandra/cass-operator:v1.22.4
    chart: kasope-platform
    digests:
      - digest: sha256:77a894b552aa3289bfced92452f9dc6f5ef6e4c179009fa8a67d6c1c3c448371
        arch: linux/amd64
      - digest: sha256:06dd8718c64cace3e32e2b5c024e134e490c7a983c004bee5229d7e549c6952c
        arch: linux/arm64
  - name: cassandra
    image: cr.k8ssandra.io/k8ssandra/cass-management-api:3.11.13
    chart: kasope-platform
    digests:
      - digest: sha256:438c7d706177109f35de3c7260dc888a3549c5c35593e194dcb9ceb34ace046f
        arch: linux/amd64
      - digest: sha256:c7b894c4ddaf279aa063b67bd13b807f711c9bf8dd78eb645fd75783ec8f3a0e
        arch: linux/arm64
  - name: systemLogger
    image: cr.k8ssandra.io/k8ssandra/system-logger:v1.22.4
    chart: kasope-platform
    digests:
      - digest: sha256:1337e443605b3cab84107311a572f87d14f44080bf2870f3e558b0ad456ffc2c
        arch: linux/amd64
      - digest: sha256:052c0f28214e4e72e897d71e7f6c41ad8ab51883ce95d4e3543c73a9193cf8e1
        arch: linux/arm64
  - name: configBuilder
    image: cr.dtsx.io/datastax/cass-config-builder:1.0-ubi8
    chart: kasope-platform
    digests:
      - digest: sha256:9ea0fe726ece3cda64876ed389801ad0bc659a94dfc79a6cad080f20fc8d13b3
        arch: linux/amd64
      - digest: sha256:699ddf003d731c1ba93e3e2f6a46d1d1f354b71b4b8db861a6f20c46d8f5e191
        arch: linux/arm64
  - name: per-node-config
    image: platform.artifactory.qvantel.net/platform/platform-k8s-tools-minimal:1.2.0_10_5193dbce5
    chart: kasope-platform
    digests:
      - digest: sha256:052563c36febf8a1995cc6048f09106eb6b523f4d13e0554cdfb2e00af6a19df
        arch: linux/arm64
      - digest: sha256:aa6ee22f409e725b29e9f7e5a4bf37073bfda8da3bb44102460109c696ac6381
        arch: linux/amd64
  - name: k8ssandraClient
    image: cr.k8ssandra.io/k8ssandra/k8ssandra-client:v0.2.2
    chart: kasope-platform
    digests:
      - digest: sha256:df0474a565dfe7b98848534dfef485b6ccd0a8a5e72dc0c622490ce12fec0396
        arch: linux/amd64
      - digest: sha256:f258101bf0ac7691e1705710b16121cc4575c7e7a48aed0eee43911d72ce8483
        arch: linux/arm64
  - name: k8ssandra-tools
    image: k8ssandra/k8ssandra-tools:1.6.0-20240506112248-96d77628
    chart: kasope-platform
    digests:
      - digest: sha256:4db559c3b2f139fda7cd63c774048d20d9ec9c205f34226eacbe70d203a2cbc2
        arch: linux/amd64
      - digest: sha256:82fa0c265f3e21613123e9bb52e16146be6f59aa66494ed6c3e964cea5a53cd1
        arch: linux/arm64
  - name: k8ssandra-operator
    image: cr.k8ssandra.io/k8ssandra/k8ssandra-operator:v1.20.1
    chart: kasope-platform
    digests:
      - digest: sha256:e49ee84763267fe3dc6061bf34077aee4471a17c740c1e724ebfb85fb1e5c322
        arch: linux/amd64
      - digest: sha256:614dadb3a896d4c4c56d208ace6e1dbe832e885000c9fbec14cce897535ab042
        arch: linux/arm64
  - name: reaper
    image: thelastpickle/cassandra-reaper:3.6.1
    chart: kasope-platform
    digests:
      - digest: sha256:524f03675179843ba9678e6d308de866bb88dd8b73e0d18920da1862a70c227e
        arch: linux/amd64
      - digest: sha256:751bb941d2f7d3588d7b84b917faba8a2d1f436971690e19b3ea7b67c40e6c83
        arch: linux/arm64
  - name: medusa
    image: docker.io/k8ssandra/medusa:0.22.2
    chart: kasope-platform
    digests:
      - digest: sha256:42c5fe056b78803874e0384ebc150b00bfc197a271da5906d816bb1cb5df2f79
        arch: linux/amd64
      - digest: sha256:845adc2c9e62830510344f3bd810b502d7030ca9aa6ddf5eab2a53f7fd079834
        arch: linux/arm64
