apiVersion: v0
kind: ImagesLock
metadata:
  generatedAt: "2025-10-03T10:49:20.526366796Z"
  generatedBy: Distribution Tooling for Helm
chart:
  name: kasope-platform
  version: 0.0.1
  appVersion: ""
images:
  - name: cass-operator
    image: docker.io/k8ssandra/cass-operator:v1.27.1
    chart: kasope-platform
    digests:
      - digest: sha256:34bad517ce8bc33db48a77d180957c1686e2a44f9ec1ce1676ab00ad7aff26e3
        arch: linux/amd64
      - digest: sha256:dc1d018a529964cdc96066f2238076b650df85c348ffc5224faa1f7cae1494ca
        arch: linux/arm64
  - name: cassandra
    image: docker.io/k8ssandra/cass-management-api:3.11.13
    chart: kasope-platform
    digests:
      - digest: sha256:438c7d706177109f35de3c7260dc888a3549c5c35593e194dcb9ceb34ace046f
        arch: linux/amd64
      - digest: sha256:c7b894c4ddaf279aa063b67bd13b807f711c9bf8dd78eb645fd75783ec8f3a0e
        arch: linux/arm64
  - name: cassandra
    image: docker.io/k8ssandra/cass-management-api:4.1.8-ubi8
    chart: kasope-platform
    digests:
      - digest: sha256:ac16c3046c8c3b1f0c3ed795192d97bc820e8960c23ecdc6376c13e5d32ceabd
        arch: linux/amd64
      - digest: sha256:ebb55e4fd8be4a6b7913ed6bd2aa522889c43cf2539cd8da2ba1989b376f75d9
        arch: linux/arm64
  - name: systemLogger
    image: docker.io/k8ssandra/system-logger:v1.27.1
    chart: kasope-platform
    digests:
      - digest: sha256:0c86d86cead86dda3bc54a9152f69bc82a6abdbfaaf08cd7f444aa37a2fa7aa7
        arch: linux/amd64
      - digest: sha256:e3bb7e0e90b07dabcdf6c2aec7acbaa545472ff625143924e78014fbf062cd90
        arch: linux/arm64
  - name: configBuilder
    image: docker.io/datastax/cass-config-builder:1.0-ubi8
    chart: kasope-platform
    digests:
      - digest: sha256:fb5dd418d0cdaf91f172b7fe5329062513a0b111d33e502f2f22dc1ea2dca080
        arch: linux/amd64
      - digest: sha256:c7c0c543d458c4da023372ed5ed8f2e6b098f279f2a58c5dadc4cee8ac38a90b
        arch: linux/arm64
  - name: per-node-config
    image: platform.artifactory.qvantel.net/platform/platform-k8s-tools-minimal:1.3.2_202508131123_master_e140ddde
    chart: kasope-platform
    digests:
      - digest: sha256:f08f36571c5d4eb5822b25e200278674b4be241f35a473f01c47376f28f1077f
        arch: linux/arm64
      - digest: sha256:92bfa2085396600574e3a0141dc1ba4196d1811d24ed20512d08a4e58d8542ea
        arch: linux/amd64
  - name: k8ssandraClient
    image: docker.io/k8ssandra/k8ssandra-client:v0.8.3
    chart: kasope-platform
    digests:
      - digest: sha256:f80a3841957d813bf1429fa0ffb672a21e49c9db8fa402fd192fd84afdc9b468
        arch: linux/amd64
      - digest: sha256:93a57444c14cec724942103543db6bb140ea444dca19b001701cc736b9e0d959
        arch: linux/arm64
  - name: k8ssandra-tools
    image: k8ssandra/k8ssandra-tools:1.6.0-20240506112248-96d77628
    chart: kasope-platform
    digests:
      - digest: sha256:4db559c3b2f139fda7cd63c774048d20d9ec9c205f34226eacbe70d203a2cbc2
        arch: linux/amd64
      - digest: sha256:82fa0c265f3e21613123e9bb52e16146be6f59aa66494ed6c3e964cea5a53cd1
        arch: linux/arm64
  - name: k8ssandra-operator
    image: docker.io/k8ssandra/k8ssandra-operator:v1.27.0
    chart: kasope-platform
    digests:
      - digest: sha256:e301d0a2e69a945c375a0e10cbbc18395f386a62f173979266a480d358b320f8
        arch: linux/amd64
      - digest: sha256:4aa27700bbf8aca86d9f73b42c6ff75649d8963f9ec66c311420412ba724fda5
        arch: linux/arm64
  - name: reaper
    image: thelastpickle/cassandra-reaper:4.0.0
    chart: kasope-platform
    digests:
      - digest: sha256:09e7bf4d97509a70f60b813442dd325436785f1f65d858e9c1e4683e636f7d7c
        arch: linux/amd64
      - digest: sha256:f95bec73311ee3a52adb2c2a6e102c8b558f619be569ecb0ecb6aa8712dd5703
        arch: linux/arm64
  - name: medusa
    image: docker.io/k8ssandra/medusa:0.25.1
    chart: kasope-platform
    digests:
      - digest: sha256:5a436ce4aa3f1477982a8d2525835ba68ca9833cfd051ad9ca36fca7eca5abc9
        arch: linux/amd64
      - digest: sha256:bceb122a97e31e47e8cb7d1352ee4f58eefee6b2b47e9594a481ec8982b67b5b
        arch: linux/arm64
  - name: kubectl
    image: platform.artifactory.qvantel.net/platform/platform-k8s-tools-minimal:1.3.2_202508131123_master_e140ddde
    chart: kasope-platform
    digests:
      - digest: sha256:f08f36571c5d4eb5822b25e200278674b4be241f35a473f01c47376f28f1077f
        arch: linux/arm64
      - digest: sha256:92bfa2085396600574e3a0141dc1ba4196d1811d24ed20512d08a4e58d8542ea
        arch: linux/amd64
