dependencies:
- name: kyverno
  repository: https://kyverno.github.io/kyverno/
  version: 3.5.2
- name: kyverno-policies
  repository: https://kyverno.github.io/kyverno/
  version: 3.5.2
digest: sha256:453ebf0796fa36050f11913b0c638abd882682e12aa8499033624d44b1f78c44
generated: "2025-10-30T16:56:59.009088529+02:00"
