dependencies:
- name: kyverno
  repository: https://kyverno.github.io/kyverno/
  version: 3.2.6
- name: kyverno-policies
  repository: https://kyverno.github.io/kyverno/
  version: 3.2.5
digest: sha256:e46409c39039b1bfbb1a1b8668ad7acc8689f19365be841d7d650004207cf61e
generated: "2024-08-30T12:28:04.568214781+03:00"
