apiVersion: v0
kind: ImagesLock
metadata:
  generatedAt: "2025-12-12T15:50:55.339518083Z"
  generatedBy: Distribution Tooling for Helm
chart:
  name: monitoring-platform
  version: 0.0.1
  appVersion: ""
images:
  - name: x509-certificate-exporter
    image: docker.io/enix/x509-certificate-exporter:3.19.0
    chart: monitoring-platform
    digests:
      - digest: sha256:12043245b4b835e11645513085133c1cb35777f0e1fac1d51fa54fea15344e57
        arch: linux/amd64
      - digest: sha256:1f41bfd2bb3ba019b2dfa4b5853eb7efc313915779222a807d187cffde1b66e9
        arch: linux/arm64
  - name: prometheus-blackbox-exporter
    image: quay.io/prometheus/blackbox-exporter:v0.27.0
    chart: monitoring-platform
    digests:
      - digest: sha256:63ec596b02095ac6b09eb990d390a7a2eb21cc505f5a8f11dfc1eb796bb0aa23
        arch: linux/amd64
      - digest: sha256:88f7d7397ad4cf415b575df60c937fef09e0534cb8a3e060bedff6e61da9e613
        arch: linux/arm64
  - name: prometheus-consul-exporter
    image: prom/consul-exporter:v0.5.0
    chart: monitoring-platform
    digests:
      - digest: sha256:b84635725f7eb56411bab05e8309f2d1bab8b08de330439eff0bb5296e60cd5b
        arch: linux/amd64
      - digest: sha256:ae94c1cbbdfc98929084099df165cea999fd6e2ec77903284cbe8ab0180e4947
        arch: linux/arm64
  - name: yet-another-cloudwatch-exporter
    image: ghcr.io/nerdswords/yet-another-cloudwatch-exporter:v0.61.2
    chart: monitoring-platform
    digests:
      - digest: sha256:4d70fbd4c7555d6cc5e6081bb0c742f53245271715442900d04f49b051178ea8
        arch: linux/amd64
      - digest: sha256:26956b0c1de0d9bc42948aafa8112f59f2e7514e26b3336990e655dfcc2066d4
        arch: linux/arm64
  - name: alertmanager
    image: quay.io/prometheus/alertmanager:v0.28.1
    chart: monitoring-platform
    digests:
      - digest: sha256:220da6995a919b9ee6e0d3da7ca5f09802f3088007af56be22160314d2485b54
        arch: linux/amd64
      - digest: sha256:bcbcab31af98f731c04917bbdb984bb09815d4724080130a3348f7741044c6d1
        arch: linux/arm64
  - name: prometheus-operator-webhook
    image: quay.io/prometheus-operator/admission-webhook:v0.85.0
    chart: monitoring-platform
    digests:
      - digest: sha256:c6fa7f267c944f5b788e944ac310f59dbc145ca1ba45045516d14d50fd02b9cf
        arch: linux/amd64
      - digest: sha256:5813e161d3847937301fe2b5ffaaeafba4cefc19fcfaa55175569aac672c16da
        arch: linux/arm64
  - name: admissionWebhooks
    image: registry.k8s.io/ingress-nginx/kube-webhook-certgen:v1.6.2
    chart: monitoring-platform
    digests:
      - digest: sha256:316cd3217236293ba00ab9b5eac4056b15d9ab870b3eeeeb99e0d9139a608aa3
        arch: linux/amd64
      - digest: sha256:73b47a951627d604fcf1cf93ddc15004fe3854f881da22f690854d098255f1c1
        arch: linux/arm64
  - name: prometheus-operator
    image: quay.io/prometheus-operator/prometheus-operator:v0.85.0
    chart: monitoring-platform
    digests:
      - digest: sha256:a84aefea0ec5652a0d7dd67c83fd3ae755e7937dabc98f021b80db2e4b59f873
        arch: linux/amd64
      - digest: sha256:1a8d308d8c65ddbe78844f041ff12d65944bfe02d48061feb0483831d260b61d
        arch: linux/arm64
  - name: prometheusConfigReloader
    image: quay.io/prometheus-operator/prometheus-config-reloader:v0.85.0
    chart: monitoring-platform
    digests:
      - digest: sha256:e8834beedbd76723ab90964ffcc96ea158710da54bd169cea334d3f11c08eae9
        arch: linux/amd64
      - digest: sha256:bf64b73e82cfb1303f321e016dee528f5f61f019dc95df79f6c6802254f2cb77
        arch: linux/arm64
  - name: thanos
    image: quay.io/thanos/thanos:v0.39.2
    chart: monitoring-platform
    digests:
      - digest: sha256:aca3887cc68c58441627d7026b219167b048808affa3bd72b26144d9c25018e1
        arch: linux/amd64
      - digest: sha256:2110475f7ee9f8e8775f4b17e241a7d86854dc9bc4c6d3d8b6ee5b704e07fe6c
        arch: linux/arm64
  - name: prometheus
    image: quay.io/prometheus/prometheus:v3.5.0
    chart: monitoring-platform
    digests:
      - digest: sha256:8672a850efe2f9874702406c8318704edb363587f8c2ca88586b4c8fdb5cea24
        arch: linux/amd64
      - digest: sha256:dfc3cce6bfa8485ccad377c66f4ef9833524fde710756faa725251b639d19d86
        arch: linux/arm64
  - name: thanos-rules
    image: quay.io/thanos/thanos:v0.39.2
    chart: monitoring-platform
    digests:
      - digest: sha256:aca3887cc68c58441627d7026b219167b048808affa3bd72b26144d9c25018e1
        arch: linux/amd64
      - digest: sha256:2110475f7ee9f8e8775f4b17e241a7d86854dc9bc4c6d3d8b6ee5b704e07fe6c
        arch: linux/arm64
  - name: grafana
    image: docker.io/grafana/grafana-enterprise:12.2.2
    chart: monitoring-platform
    digests:
      - digest: sha256:b679b078a17257de781081357522df5433bdd8f280e1f54f25d3db473b639600
        arch: linux/amd64
      - digest: sha256:e5aa8560bc81d37b537859f013e80932711b8375e7099d79aa3b2d82d7cd86f6
        arch: linux/arm64
  - name: initChownData
    image: platform.artifactory.qvantel.net/platform/platform-k8s-tools-minimal:1.3.3_202509080945_master_90384dcc
    chart: monitoring-platform
    digests:
      - digest: sha256:01d431df5a9acc9973316961a7c911382bd0446c37e46b3ab69c4af6dec04118
        arch: linux/arm64
      - digest: sha256:381a4bb1cccb3892b1ca064c706f7b390f1ecc1d126d4df0d58bf34ee4f2ec40
        arch: linux/amd64
  - name: grafana-sidecar
    image: quay.io/kiwigrid/k8s-sidecar:1.30.10
    chart: monitoring-platform
    digests:
      - digest: sha256:2248efa2bf19ab7b0ae6c10017c484ddbdbfe2de3c1b255ee12c2c606b9d91e1
        arch: linux/amd64
      - digest: sha256:de446484285155f729164c43f55e576def40fc48a0964a5c2b56cf548724a7fb
        arch: linux/arm64
  - name: imageRenderer
    image: docker.io/grafana/grafana-image-renderer:v4.0.17
    chart: monitoring-platform
    digests:
      - digest: sha256:43096075fcfcb8d832739866c96c33c7359d5cead90524bb1d6cf16a46a884cd
        arch: linux/amd64
      - digest: sha256:26782dc313a3a4ffe7c9bb3ffcced18bd80718efd0b7b5e7b7ef0dc9b5d6b570
        arch: linux/arm64
  - name: prometheus-node-exporter
    image: quay.io/prometheus/node-exporter:v1.9.1
    chart: monitoring-platform
    digests:
      - digest: sha256:863b62ff9f392b6f472e22b4b670ad1cabb66b3042502ebd4b2cd192733e1bce
        arch: linux/amd64
      - digest: sha256:2e9d73002adb973441ec1c815a8e7e7c2465f5e535d859d16ee395f2ceb857c7
        arch: linux/arm64
  - name: kubeRBACProxy
    image: quay.io/brancz/kube-rbac-proxy:v0.19.1
    chart: monitoring-platform
    digests:
      - digest: sha256:ea7bdc09a4929c8cad2b84b06ea4455721e75d4b86aa3dddf41f29b4817db358
        arch: linux/amd64
      - digest: sha256:e42357253b5d791092745fd413eeed05f180ede3433bc085f3b3d5e355a7a6a8
        arch: linux/arm64
  - name: kube-state-metrics
    image: registry.k8s.io/kube-state-metrics/kube-state-metrics:v2.17.0
    chart: monitoring-platform
    digests:
      - digest: sha256:12d340f106edf923db88bd637666c864cb9d02b53b66a3976b535750cd2ef74d
        arch: linux/amd64
      - digest: sha256:a9a8d1020ae750bfa6711700546cc979e19ad1b630df3eed20f649bb850f900f
        arch: linux/arm64
  - name: grafana-plugins
    image: platform.artifactory.qvantel.net/platform/grafana-plugins:1.2.0_8_b278cb9c4
    chart: monitoring-platform
    digests:
      - digest: sha256:99d5c034f7c47e5f24121458e792d06946598da7c8dbc95f64dd13bb672906b6
        arch: linux/arm64
      - digest: sha256:82c912dc262bdd27d30d5cbe48c4ce21d305a3be8d11bbd0a5d222df184e95f1
        arch: linux/amd64
  - name: alloy
    image: grafana/alloy:v1.10.1
    chart: monitoring-platform
    digests:
      - digest: sha256:d3471ba6423f14d3960bff60eb04baed74e60f85bedbd8be74e0d6a72db5e779
        arch: linux/amd64
      - digest: sha256:4d48b6be67a671e13c03bbb876157e2730847dc6502ab4c77c5ed0cb319534b3
        arch: linux/arm64
  - name: prometheusConfigReloader
    image: quay.io/prometheus-operator/prometheus-config-reloader:v0.81.0
    chart: monitoring-platform
    digests:
      - digest: sha256:6bfe763f260e3dda51615147b1fb9e2cac3ca2c53ad9825c7b5a11935b328a8a
        arch: linux/amd64
      - digest: sha256:5a03054915eaa4f324537c98967550add4eb75660c932ce426dd7e906129f98b
        arch: linux/arm64
  - name: configmap-reload
    image: ghcr.io/jimmidyson/configmap-reload:v0.14.0
    chart: monitoring-platform
    digests:
      - digest: sha256:75a4513f49c4c0ea439cf7daa2c9e275824f9583a09e7ae8461c0a3ab7a83841
        arch: linux/arm64
      - digest: sha256:6bd0fa510864cf010ad20a3cdb0a71fc3df804b00479b01102f13d9b9b0b975a
        arch: linux/amd64
  - name: beyla
    image: grafana/beyla:1.9.8
    chart: monitoring-platform
    digests:
      - digest: sha256:3147839b1d9330fdf6be8ac4c832be3f9caedb2d1e91712b6f372b20155f07c4
        arch: linux/amd64
      - digest: sha256:bbc9260bf31aef0afe3dab07775ba81ab672c1d32b0c39ea98509179ae0aa99d
        arch: linux/arm64
  - name: beyla-k8s-cache
    image: grafana/beyla-k8s-cache:1.9.8
    chart: monitoring-platform
    digests:
      - digest: sha256:b50282da9591776fee00fd0ffe01dcf8e0cc5688a85882f40d294f06204635f7
        arch: linux/amd64
      - digest: sha256:85a1cced109ccbcd55bd8e27d4f5caa3931662208448ce3b477e4006d444e014
        arch: linux/arm64
  - name: tempo
    image: docker.io/grafana/tempo:2.8.2
    chart: monitoring-platform
    digests:
      - digest: sha256:8cfd15734001588eb9c4de7326614be2b668e84d71f8479b149906f0dd65983d
        arch: linux/amd64
      - digest: sha256:d55c8d1b14ee0ff28a67136b3c847712485c8e398b973bdef1281e5fed1cfeda
        arch: linux/arm64
  - name: queryFrontendQuery
    image: grafana/tempo-query:2.8.2
    chart: monitoring-platform
    digests:
      - digest: sha256:8001e9fa2dcd9aace1b9635a9b75c3988613e838f761fa79fdf4631492739de1
        arch: linux/amd64
      - digest: sha256:a48eebd737b64947d2507915a3e8f99aafc010ff5626e892720fef4de41687ca
        arch: linux/arm64
  - name: memcached
    image: docker.io/library/memcached:1.6.33-alpine
    chart: monitoring-platform
    digests:
      - digest: sha256:156bc025f995df7b7c19427fa4ce940b4f03d4f730c42426ec495848a588e5c5
        arch: linux/amd64
      - digest: sha256:6263c127197a1481b125b0286bfc4d5e1f64c5813a4e96d6d9e92f838e8de116
        arch: linux/arm64
  - name: memcachedExporter
    image: prom/memcached-exporter:v0.14.4
    chart: monitoring-platform
    digests:
      - digest: sha256:3cc259dff5590c50c36d6773b1799b074efb5df5d50f7928bbac7782dd3a1109
        arch: linux/amd64
      - digest: sha256:7d488db71214c8eadc810c927bdf560a03626d667cacecf3d07b0aac4121eec0
        arch: linux/arm64
  - name: gateway
    image: nginxinc/nginx-unprivileged:1.27-alpine
    chart: monitoring-platform
    digests:
      - digest: sha256:28d91bdce70ad09025ea901458fdd149259d8e05982ade79d4ef2c0d9470eb48
        arch: linux/amd64
      - digest: sha256:025de0b541bcc6cfbf508e4201aaa37b51d34daaf6d52e5e2753e29a8ddaa869
        arch: linux/arm64
  - name: enterprise
    image: grafana/enterprise-traces:v2.8.1
    chart: monitoring-platform
    digests:
      - digest: sha256:3ac4e8b2c2b75bf8d82b79be06074a33b22e73b9a385752c0dc2fef0c7bc23a2
        arch: linux/amd64
      - digest: sha256:5201af06fb06924fb934fd4f17184275b5f7fed64ceaf1fa423df88104ff008f
        arch: linux/arm64
