apiVersion: v0
kind: ImagesLock
metadata:
  generatedAt: "2024-12-01T15:56:14.263648858Z"
  generatedBy: Distribution Tooling for Helm
chart:
  name: monitoring-platform
  version: 0.0.1
  appVersion: ""
images:
  - name: x509-certificate-exporter
    image: docker.io/enix/x509-certificate-exporter:3.14.0
    chart: monitoring-platform
    digests:
      - digest: sha256:333feb146cabeabc000196246cd3b062c85312efb926d205bb014edac2472b59
        arch: linux/amd64
      - digest: sha256:b15e9ff44502d7551d89dcccf53da21335a9891a426c315c86cbadfb83e8ece1
        arch: linux/arm64
  - name: prometheus-blackbox-exporter
    image: quay.io/prometheus/blackbox-exporter:v0.25.0
    chart: monitoring-platform
    digests:
      - digest: sha256:67847e8aaec3c4852a2c7d84d5344e7931521962988c48df00cd980cd1b490a2
        arch: linux/amd64
      - digest: sha256:9761529b5ff576deb4e823e298ec5ca70e738086fd7d073a84698332c9ae3554
        arch: linux/arm64
  - name: prometheus-consul-exporter
    image: prom/consul-exporter:v0.5.0
    chart: monitoring-platform
    digests:
      - digest: sha256:b84635725f7eb56411bab05e8309f2d1bab8b08de330439eff0bb5296e60cd5b
        arch: linux/amd64
      - digest: sha256:ae94c1cbbdfc98929084099df165cea999fd6e2ec77903284cbe8ab0180e4947
        arch: linux/arm64
  - name: yet-another-cloudwatch-exporter
    image: ghcr.io/nerdswords/yet-another-cloudwatch-exporter:v0.61.2
    chart: monitoring-platform
    digests:
      - digest: sha256:4d70fbd4c7555d6cc5e6081bb0c742f53245271715442900d04f49b051178ea8
        arch: linux/amd64
      - digest: sha256:26956b0c1de0d9bc42948aafa8112f59f2e7514e26b3336990e655dfcc2066d4
        arch: linux/arm64
  - name: alertmanager
    image: quay.io/prometheus/alertmanager:v0.27.0
    chart: monitoring-platform
    digests:
      - digest: sha256:45c3a586d4332d710bef92b06e90380c0b1f588968c00100d4b5e4e44c40ca5f
        arch: linux/amd64
      - digest: sha256:2fbdd4c66d91e740fe3fd462d8f52fc3d305a5b403bab3a58feb62be237a84fb
        arch: linux/arm64
  - name: prometheus-operator-webhook
    image: quay.io/prometheus-operator/admission-webhook:v0.77.1
    chart: monitoring-platform
    digests:
      - digest: sha256:e4917246fac89d0b8f51e943212c3cb838e01c8df37e26b8795176eab41d6977
        arch: linux/amd64
      - digest: sha256:55680ec342111352dbe419bcc6a81424c313c590ba86bcff75989d20b0f1ad7d
        arch: linux/arm64
  - name: admissionWebhooks
    image: registry.k8s.io/ingress-nginx/kube-webhook-certgen:v20221220-controller-v1.5.1-58-g787ea74b6
    chart: monitoring-platform
    digests:
      - digest: sha256:5e6fdb9b2c74ad2576dd835b389d00d18ccfee21b547d1a79efb881009664099
        arch: linux/amd64
      - digest: sha256:b9c3b341fdb5203284c2d8b91afdc82c7dd350531a6b229bdc72de045841cc4e
        arch: linux/arm64
  - name: prometheus-operator
    image: quay.io/prometheus-operator/prometheus-operator:v0.77.1
    chart: monitoring-platform
    digests:
      - digest: sha256:f384fc6a6b8d549cdb1574acc24dfcf8b4870a74dba48407989be481b04ca811
        arch: linux/amd64
      - digest: sha256:588201c912a2b083d9fdd3714a19f38e2b3ce135e5f7947f9d39f80fc70d363d
        arch: linux/arm64
  - name: prometheusConfigReloader
    image: quay.io/prometheus-operator/prometheus-config-reloader:v0.77.1
    chart: monitoring-platform
    digests:
      - digest: sha256:6468dc535b72de1e047eed715ede9a241749896f75aa27351eab98e9962e544a
        arch: linux/amd64
      - digest: sha256:c5f2f26cca1fdbb1de8278b7de9227bd36b5bac18c6a116a4e247a2fd2ea0874
        arch: linux/arm64
  - name: thanos
    image: quay.io/thanos/thanos:v0.36.1
    chart: monitoring-platform
    digests:
      - digest: sha256:969335e9a19c1f616c9e0dfb9caa36691108217f87ce1086ff1f1bf06e6b847f
        arch: linux/amd64
      - digest: sha256:caa36584993838c4b01b20cd7f6fb4543393e01738c91d134a39f1d1d4098b40
        arch: linux/arm64
  - name: prometheus
    image: quay.io/prometheus/prometheus:v2.54.1
    chart: monitoring-platform
    digests:
      - digest: sha256:69961df6ffa67598048a31aa2822d61f3c93b91d7db24e44d9bb03f99d520da9
        arch: linux/amd64
      - digest: sha256:0375e523ffe0ce7522a9968793b57cb36372a4a2a9a570572b48082227790ed7
        arch: linux/arm64
  - name: thanos-rules
    image: quay.io/thanos/thanos:v0.36.1
    chart: monitoring-platform
    digests:
      - digest: sha256:969335e9a19c1f616c9e0dfb9caa36691108217f87ce1086ff1f1bf06e6b847f
        arch: linux/amd64
      - digest: sha256:caa36584993838c4b01b20cd7f6fb4543393e01738c91d134a39f1d1d4098b40
        arch: linux/arm64
  - name: grafana
    image: docker.io/grafana/grafana-enterprise:11.2.1
    chart: monitoring-platform
    digests:
      - digest: sha256:494ca6e9981c6d01792083722cb9eef44f80c429390e18517500de2b9ba4beef
        arch: linux/amd64
      - digest: sha256:13e57e26a027e21a9f084aa871515fd0e98c6b3e97d20b373a08e4368a4ade61
        arch: linux/arm64
  - name: testFramework
    image: docker.io/bats/bats:v1.4.1
    chart: monitoring-platform
    digests:
      - digest: sha256:d1049593eee83c2c8f420cdc94e4a540532cb09d681cc6bb098cbc5c4e739aff
        arch: linux/amd64
      - digest: sha256:b7778baed271227ad03027fc07443a064eb08c3b43d88fd877c792f4fae86efd
        arch: linux/arm64
  - name: downloadDashboardsImage
    image: docker.io/curlimages/curl:7.85.0
    chart: monitoring-platform
    digests:
      - digest: sha256:f4821d304c3d1fa06dcea4feb2be79f98ff012a8fa3a51943b94e333f69b0098
        arch: linux/amd64
      - digest: sha256:90e5dc1fd0c1ea56b5817ea17c8fc82ccb40eaa0e43a336b19a51e30e5b81c41
        arch: linux/arm64
  - name: initChownData
    image: registry.access.redhat.com/ubi9/ubi-minimal:9.4-1194
    chart: monitoring-platform
    digests:
      - digest: sha256:73f7dcacb460dad137a58f24668470a5a2e47378838a0190eef0ab532c6e8998
        arch: linux/amd64
      - digest: sha256:8e2db05c13c422bfd50dbe48b8e075b8d9d735e7c5a2a54b4aec340b1ad2e6cd
        arch: linux/arm64
  - name: grafana-sidecar
    image: quay.io/kiwigrid/k8s-sidecar:1.27.4
    chart: monitoring-platform
    digests:
      - digest: sha256:7e56f5f09951458af3da95770e59f218833beb58d99f4b5d4ae2149788ceebcc
        arch: linux/amd64
      - digest: sha256:ee126f259e0ebb20fa228ba0937bc12c6829826de38f806849fbefae4ed877b1
        arch: linux/arm64
  - name: imageRenderer
    image: docker.io/grafana/grafana-image-renderer:3.11.5
    chart: monitoring-platform
    digests:
      - digest: sha256:b870676b66ef43989966e1a23cb101aa465dce32450f49b574818276983473b2
        arch: linux/amd64
      - digest: sha256:774b8469f6cd581922addff23ad1d21fdf447546ad2857830d828bc051c08727
        arch: linux/arm64
  - name: prometheus-node-exporter
    image: quay.io/prometheus/node-exporter:v1.8.2
    chart: monitoring-platform
    digests:
      - digest: sha256:065914c03336590ebed517e7df38520f0efb44465fde4123c3f6b7328f5a9396
        arch: linux/amd64
      - digest: sha256:1eabab826c9d9f0c534e4e8fa745445f743fef9aee276d561d12811edea74004
        arch: linux/arm64
  - name: kubeRBACProxy
    image: quay.io/brancz/kube-rbac-proxy:v0.18.0
    chart: monitoring-platform
    digests:
      - digest: sha256:62eeb8a0aaa13a8d886de07e5805940cec079ffbaf1d74483e26ad4a84952dce
        arch: linux/amd64
      - digest: sha256:6384785247f126850e3ad620af329670612b0a7fbc15f51b4450f4918117e6ce
        arch: linux/arm64
  - name: kube-state-metrics
    image: registry.k8s.io/kube-state-metrics/kube-state-metrics:v2.13.0
    chart: monitoring-platform
    digests:
      - digest: sha256:cfef7d6665aab9bfeecd9f738a23565cb57f038a4dfb2fa6b36e2d80a8333a0a
        arch: linux/amd64
      - digest: sha256:888486e7e0a53aa7293b223bddc8db077c4bb7f7b41140f32aa04880a10c6c24
        arch: linux/arm64
  - name: grafana-plugins
    image: platform.artifactory.qvantel.net/platform/grafana-plugins:1.2.0_4_f26bb6e90
    chart: monitoring-platform
    digests:
      - digest: sha256:df171b61de00d913db12992bc6005989ded8215454980bce264608b39fffe88a
        arch: linux/arm64
      - digest: sha256:632831c45ad02a28f0309866f100351ca94201f09704431d0f05e6a111288f27
        arch: linux/amd64
  - name: alloy
    image: grafana/alloy:v1.5.0
    chart: monitoring-platform
    digests:
      - digest: sha256:5dd4fbb8ff789f5d559abe816c953312cd7429b16d1e46f3389480f1ac038316
        arch: linux/amd64
      - digest: sha256:5b43cb4069675c3bf83bee8967403ce9de005a4f716eea3483e9af6197433ff1
        arch: linux/arm64
  - name: configmap-reload
    image: ghcr.io/jimmidyson/configmap-reload:v0.12.0
    chart: monitoring-platform
    digests:
      - digest: sha256:e8cefadc91804275415d0e5e60e5e43dd75d975fbc098c3c5bbcc758c4f037f1
        arch: linux/arm64
      - digest: sha256:ab303cc19949ade3c308055a7a0c01c87298fa76ab454e405ed138f5bae7c38e
        arch: linux/amd64
  - name: beyla
    image: grafana/beyla:1.9.0
    chart: monitoring-platform
    digests:
      - digest: sha256:1402bbea770a6e4b60bf11822fbb7368d63eb0e93072e50d2d82c6801dd12f2a
        arch: linux/amd64
      - digest: sha256:3fde8a43d42a019a393e7abca4a66c68b79e4a48bf96ea455556166ab3a919bd
        arch: linux/arm64
  - name: beyla-k8s-cache
    image: grafana/beyla-k8s-cache:1.9.0
    chart: monitoring-platform
    digests:
      - digest: sha256:4d537f4546f8578746155377d133addbdae346fd066d7a99eed920c6229d1972
        arch: linux/amd64
      - digest: sha256:92db025d15176e1ae15b5bb0a58a28b5b9f82d933813990259a3f6c2f40b0fd8
        arch: linux/arm64
  - name: tempo
    image: grafana/tempo:2.6.1
    chart: monitoring-platform
    digests:
      - digest: sha256:a6d09da22ebfcc11ba40701433d02738501c3c46271c769a49f4eb9228429e25
        arch: linux/amd64
      - digest: sha256:1aff1f89f4036330ab58df9cad6e8f07bf10741bf5f188da0e3bdb0bd9efeb90
        arch: linux/arm64
