dependencies:
- name: artifactory-oss
  repository: https://charts.jfrog.io
  version: 107.117.17
- name: artifactory-jcr
  repository: https://charts.jfrog.io
  version: 107.117.17
digest: sha256:33b68ddff5b002ddab562d9fb2c6af2075f046c20b99d1cebd2ab1a650004ab3
generated: "2025-09-24T14:56:37.188392602+03:00"
