apiVersion: v0
kind: ImagesLock
metadata:
  generatedAt: "2026-01-07T12:52:56.782331443Z"
  generatedBy: Distribution Tooling for Helm
chart:
  name: mongodb-platform
  version: 0.0.1
  appVersion: ""
images:
  - name: mongodb-qvantel
    image: platform.artifactory.qvantel.net/platform/bitnami-mongodb:7.0.28
    chart: mongodb-platform
    digests:
      - digest: sha256:22ac3a194ef7f94e09b119359822fc5b7ab3bbe51de006d4515115e035436593
        arch: linux/amd64
      - digest: sha256:3e9469fade544e7960100c86beac4e7c38f41fdf846feae50479cbaeb96dcd19
        arch: linux/arm64
  - name: kubectl
    image: platform.artifactory.qvantel.net/platform/platform-k8s-tools-minimal:1.3.3_202509080945_master_90384dcc
    chart: mongodb-platform
    digests:
      - digest: sha256:01d431df5a9acc9973316961a7c911382bd0446c37e46b3ab69c4af6dec04118
        arch: linux/arm64
      - digest: sha256:381a4bb1cccb3892b1ca064c706f7b390f1ecc1d126d4df0d58bf34ee4f2ec40
        arch: linux/amd64
  - name: mongodb-exporter
    image: docker.io/bitnamilegacy/mongodb-exporter:0.40.0-debian-12-r30
    chart: mongodb-platform
    digests:
      - digest: sha256:4111a9be9fea7ee34a7f16bae3a07fbaaa903ee652551dcf94051c3823bf941c
        arch: linux/amd64
      - digest: sha256:ae3f85d4cc555a5f214cedf00fe4ebdca469f7669b1e71fb75cd7098ba27679c
        arch: linux/arm64
  - name: nginx
    image: docker.io/bitnamilegacy/nginx:1.27.0-debian-12-r2
    chart: mongodb-platform
    digests:
      - digest: sha256:f228971a40e1c5de326428123cd044650b02f19baa8aac1c28f6e29fe43ecc81
        arch: linux/amd64
      - digest: sha256:21f6a568d4f30701576ea8c9ed89d77c5ecf6443746232555f594b0825a87c8c
        arch: linux/arm64
  - name: os-shell
    image: platform.artifactory.qvantel.net/platform/platform-k8s-tools-minimal:1.3.3_202509080945_master_90384dcc
    chart: mongodb-platform
    digests:
      - digest: sha256:01d431df5a9acc9973316961a7c911382bd0446c37e46b3ab69c4af6dec04118
        arch: linux/arm64
      - digest: sha256:381a4bb1cccb3892b1ca064c706f7b390f1ecc1d126d4df0d58bf34ee4f2ec40
        arch: linux/amd64
