apiVersion: v0
kind: ImagesLock
metadata:
  generatedAt: "2025-08-20T16:36:03.229722777Z"
  generatedBy: Distribution Tooling for Helm
chart:
  name: mongodb-platform
  version: 0.0.1
  appVersion: ""
images:
  - name: mongodb-qvantel
    image: platform.artifactory.qvantel.net/platform/bitnami-mongodb:7.0.15
    chart: mongodb-platform
    digests:
      - digest: sha256:988a21d8d0b713fe81d060fdc4050c3cab1a8685d5d8956b88916d1724965626
        arch: linux/amd64
      - digest: sha256:f28468a375c50d0661bf5bb4ada1e85a9bad342559ac749a6c5f5e7018160ff3
        arch: linux/arm64
  - name: kubectl
    image: docker.io/bitnami/kubectl:1.30.2-debian-12-r0
    chart: mongodb
    digests:
      - digest: sha256:3ec696e5ce1b79f78eb0eac1fed4ef20fa6584662cdf3c7ad933b0b03b9ce3f6
        arch: linux/amd64
      - digest: sha256:cde63381127786f694d6ceb39168593f8dd7e0564f2534f1ca4e7d1aaa70d3db
        arch: linux/arm64
  - name: mongodb
    image: docker.io/bitnami/mongodb:7.0.12-debian-12-r0
    chart: mongodb
    digests:
      - digest: sha256:22ce4d823b0938340885de5cc39d1f93617a7686e60363c33c78e179d42fe404
        arch: linux/amd64
  - name: mongodb-exporter
    image: docker.io/bitnami/mongodb-exporter:0.40.0-debian-12-r30
    chart: mongodb
    digests:
      - digest: sha256:4111a9be9fea7ee34a7f16bae3a07fbaaa903ee652551dcf94051c3823bf941c
        arch: linux/amd64
      - digest: sha256:ae3f85d4cc555a5f214cedf00fe4ebdca469f7669b1e71fb75cd7098ba27679c
        arch: linux/arm64
  - name: nginx
    image: docker.io/bitnami/nginx:1.27.0-debian-12-r2
    chart: mongodb
    digests:
      - digest: sha256:f228971a40e1c5de326428123cd044650b02f19baa8aac1c28f6e29fe43ecc81
        arch: linux/amd64
      - digest: sha256:21f6a568d4f30701576ea8c9ed89d77c5ecf6443746232555f594b0825a87c8c
        arch: linux/arm64
  - name: os-shell
    image: docker.io/bitnami/os-shell:12-debian-12-r23
    chart: mongodb
    digests:
      - digest: sha256:1c6aa5c51d48458b8cb00c59efb89bb9dbbb38906aeac24e57e719ab61e33e59
        arch: linux/amd64
      - digest: sha256:6b87753e9928bbe6f85fba5d8eba67f408de53bb03082953342ff9a2eec9890c
        arch: linux/arm64
