apiVersion: v0
kind: ImagesLock
metadata:
  generatedAt: "2025-12-11T07:21:55.630010689Z"
  generatedBy: Distribution Tooling for Helm
chart:
  name: mongodb-platform
  version: 0.0.1
  appVersion: ""
images:
  - name: mongodb-qvantel
    image: platform.artifactory.qvantel.net/platform/bitnami-mongodb:7.0.15
    chart: mongodb-platform
    digests:
      - digest: sha256:988a21d8d0b713fe81d060fdc4050c3cab1a8685d5d8956b88916d1724965626
        arch: linux/amd64
      - digest: sha256:f28468a375c50d0661bf5bb4ada1e85a9bad342559ac749a6c5f5e7018160ff3
        arch: linux/arm64
  - name: kubectl
    image: platform.artifactory.qvantel.net/platform/platform-k8s-tools-minimal:1.3.3_202509080945_master_90384dcc
    chart: mongodb-platform
    digests:
      - digest: sha256:01d431df5a9acc9973316961a7c911382bd0446c37e46b3ab69c4af6dec04118
        arch: linux/arm64
      - digest: sha256:381a4bb1cccb3892b1ca064c706f7b390f1ecc1d126d4df0d58bf34ee4f2ec40
        arch: linux/amd64
  - name: mongodb-exporter
    image: docker.io/bitnamilegacy/mongodb-exporter:0.40.0-debian-12-r30
    chart: mongodb-platform
    digests:
      - digest: sha256:4111a9be9fea7ee34a7f16bae3a07fbaaa903ee652551dcf94051c3823bf941c
        arch: linux/amd64
      - digest: sha256:ae3f85d4cc555a5f214cedf00fe4ebdca469f7669b1e71fb75cd7098ba27679c
        arch: linux/arm64
  - name: nginx
    image: docker.io/bitnamilegacy/nginx:1.27.0-debian-12-r2
    chart: mongodb-platform
    digests:
      - digest: sha256:f228971a40e1c5de326428123cd044650b02f19baa8aac1c28f6e29fe43ecc81
        arch: linux/amd64
      - digest: sha256:21f6a568d4f30701576ea8c9ed89d77c5ecf6443746232555f594b0825a87c8c
        arch: linux/arm64
  - name: os-shell
    image: platform.artifactory.qvantel.net/platform/platform-k8s-tools-minimal:1.3.3_202509080945_master_90384dcc
    chart: mongodb-platform
    digests:
      - digest: sha256:01d431df5a9acc9973316961a7c911382bd0446c37e46b3ab69c4af6dec04118
        arch: linux/arm64
      - digest: sha256:381a4bb1cccb3892b1ca064c706f7b390f1ecc1d126d4df0d58bf34ee4f2ec40
        arch: linux/amd64
