dependencies:
- name: base
  repository: https://istio-release.storage.googleapis.com/charts
  version: 1.23.2
- name: istiod
  repository: https://istio-release.storage.googleapis.com/charts
  version: 1.23.2
digest: sha256:6c85f49b57a9bca23679b20d82adf590712bf84212865e4553a8b0e3b975b8e2
generated: "2024-09-25T17:41:46.691122662+03:00"
