dependencies:
- name: base
  repository: https://artifactory.qvantel.net/artifactory/helm-platform/
  version: 1.17.6
- name: istiod
  repository: https://artifactory.qvantel.net/artifactory/helm-platform/
  version: 1.17.6
digest: sha256:ef76f630a8ba280b952e165dc0c08755f6379967f85585c1374435cc6f84ba8a
generated: "2023-09-22T23:32:42.250279367+03:00"
