apiVersion: v0
kind: ImagesLock
metadata:
  generatedAt: "2025-12-03T06:56:40.108634395Z"
  generatedBy: Distribution Tooling for Helm
chart:
  name: vault-platform
  version: 0.0.1
  appVersion: ""
images:
  - name: vault
    image: docker.io/hashicorp/vault:1.20.1
    chart: vault-platform
    digests:
      - digest: sha256:51cefb81ead43c05df8b0cf02b111f58fedda6859c92df00d9037038b648ffb0
        arch: linux/amd64
      - digest: sha256:64e902fe809a1efa43001d34afea817c069d45a63bcf2fc52a8b685cccf1d8ce
        arch: linux/arm64
  - name: vault-secrets-webhook
    image: platform.artifactory.qvantel.net/platform/qvantel-vault-secrets-webhook:1.0.0.1_master_e5e0236d8
    chart: vault-platform
    digests:
      - digest: sha256:ca84ff33db3e42d8799683f5f048a2979f820887e66f4615c580ef07bd94abca
        arch: linux/arm64
      - digest: sha256:7a743ec9d43dcfcb2bbc0bcee1936e7d657be2f2b3ccbc880d3ffd24e760602f
        arch: linux/amd64
  - name: vault-env
    image: ghcr.io/bank-vaults/vault-env:v1.22.0
    chart: vault-platform
    digests:
      - digest: sha256:8f9ff384565fda02cba68c1d7284be831b7ff50081f20d2c918eba610db8b223
        arch: linux/amd64
      - digest: sha256:64af269130470f24822a4cd5a198f3fd929523004df84be8d001999d6bcb2226
        arch: linux/arm64
  - name: platform-tools
    image: platform.artifactory.qvantel.net/platform/platform-k8s-tools-minimal:1.3.3_202509080945_master_90384dcc
    chart: vault-platform
    digests:
      - digest: sha256:01d431df5a9acc9973316961a7c911382bd0446c37e46b3ab69c4af6dec04118
        arch: linux/arm64
      - digest: sha256:381a4bb1cccb3892b1ca064c706f7b390f1ecc1d126d4df0d58bf34ee4f2ec40
        arch: linux/amd64
