apiVersion: v0
kind: ImagesLock
metadata:
  generatedAt: "2024-08-20T15:29:24.282912671Z"
  generatedBy: Distribution Tooling for Helm
chart:
  name: vault-platform
  version: 0.0.1
  appVersion: ""
images:
  - name: vault
    image: docker.io/hashicorp/vault:1.12.1
    chart: vault-platform
    digests:
      - digest: sha256:826e463c73e677aad34c71cae94d54a55985a23488fd28fb45bfca0d0ef58a60
        arch: linux/amd64
      - digest: sha256:f6f3a5fd9ddca47e3dbbe25ae49053fc5500e0bbecb35e7ad50de27a5a476cbf
        arch: linux/arm64
  - name: vault-secrets-webhook
    image: ghcr.io/banzaicloud/vault-secrets-webhook:1.18.0
    chart: vault-platform
    digests:
      - digest: sha256:96dfd411856ad7efd84393fcf14aa00432b6d82d73052d9078dc837412532a03
        arch: linux/amd64
      - digest: sha256:1483685e0ec0eb25dd86bda57fed98a6e4c9dc6483dd67483c09a8c50e8be7df
        arch: linux/arm64
  - name: vault-env
    image: ghcr.io/banzaicloud/vault-env:1.18.0
    chart: vault-platform
    digests:
      - digest: sha256:55bb549526a1a4dfa7c42f0dc8ed32ee6198e7f4564642e3a2e29883b71e6bd5
        arch: linux/amd64
      - digest: sha256:782bb1ed1f2fec26e8ac1da615c0d2607db49e6bec5648546a4fe6f070f43ef9
        arch: linux/arm64
  - name: platform-tools
    image: platform.artifactory.qvantel.net/platform/platform-k8s-tools-minimal:1.2.0_10_5193dbce5
    chart: vault-platform
    digests:
      - digest: sha256:052563c36febf8a1995cc6048f09106eb6b523f4d13e0554cdfb2e00af6a19df
        arch: linux/arm64
      - digest: sha256:aa6ee22f409e725b29e9f7e5a4bf37073bfda8da3bb44102460109c696ac6381
        arch: linux/amd64
