dependencies:
- name: opensearch
  repository: https://opensearch-project.github.io/helm-charts
  version: 3.3.0
- name: opensearch-dashboards
  repository: https://opensearch-project.github.io/helm-charts
  version: 3.3.0
- name: data-prepper
  repository: https://opensearch-project.github.io/helm-charts
  version: 0.3.1
digest: sha256:3ac0a516322d1407a20d681e667ad791cff26d7104cfaddecac172b78ffe3b18
generated: "2025-12-22T13:11:33.598383151+02:00"
