apiVersion: v0
kind: ImagesLock
metadata:
  generatedAt: "2024-10-10T09:52:28.529720599Z"
  generatedBy: Distribution Tooling for Helm
chart:
  name: rancher-platform
  version: 0.0.1
  appVersion: ""
images:
  - name: mirrored-bci-micro
    image: rancher/mirrored-bci-micro:15.4.14.3
    chart: rancher-platform
    digests:
      - digest: sha256:845f18df604f1b466468fa84bccd2d71199b87030eeb1016bc0a043c60734bdb
        arch: linux/amd64
      - digest: sha256:06e05c67093bd843159fd21219fe2387c287e6a24fb97ac807701c2902e38986
        arch: linux/arm64
  - name: rancher
    image: rancher/rancher:v2.8.1
    chart: rancher-platform
    digests:
      - digest: sha256:62ce96b8a4263e7d053f1a8ffaa038da4c3b4270ffa11c5dd713630233be7a8d
        arch: linux/amd64
      - digest: sha256:52f1c1c09ea81290b77f2fee474cf21066c8fe251d33f8b9e83cf5baade1ea29
        arch: linux/arm64
  - name: rancher-shell
    image: rancher/shell:v0.1.22
    chart: rancher-platform
    digests:
      - digest: sha256:a1aa614bfb5288627a58fc85226402bd38dd574ed1eef7012aa29d0bf5ae19d8
        arch: linux/amd64
      - digest: sha256:eb10697531615c4a50505fb56e5d42ed13fdb0252725a361f407dacd81f4346d
        arch: linux/arm64
  - name: rancher-webhook
    image: rancher/rancher-webhook:v0.4.2
    chart: rancher-platform
    digests:
      - digest: sha256:38c197037e177c8d59a34f3f6da53e5a43f60035fefe136504cb85c06a72b273
        arch: linux/amd64
      - digest: sha256:e46a66335e44b4f44c582291252fa9c73660b4c049ecc95ed41669e38d1b4e8a
        arch: linux/arm64
  - name: fleet
    image: rancher/fleet:v0.9.0
    chart: rancher-platform
    digests:
      - digest: sha256:b25bef648288ac1f733258d6066760847665a8418099a3634890858ce121e607
        arch: linux/amd64
      - digest: sha256:dab49a3d501c995560b3f3f2bd4b3040fbe981eece2570b4af919dc7478c5e92
        arch: linux/arm64
  - name: gitjob
    image: rancher/gitjob:v0.1.96
    chart: rancher-platform
    digests:
      - digest: sha256:69c32b64b6b93fb60e4242635c9eb0337f41d49e35dc2c3757f193ac2c638d3d
        arch: linux/amd64
      - digest: sha256:737536722185efe132affa22bfb981e29222278cf6127f7019b83137ece37e0a
        arch: linux/arm64
  - name: capi-controller
    image: rancher/mirrored-cluster-api-controller:v1.4.4
    chart: rancher-platform
    digests:
      - digest: sha256:bba98c897ef76edeb5ae04090680b218b98f7e16cb6b141abcc6fee78ee19b7c
        arch: linux/amd64
      - digest: sha256:0adfec7a7f7be720bbfddc417661e1986e4ebe52a9b4a3c1b2979e3f97a9406f
        arch: linux/arm64
