apiVersion: v0
kind: ImagesLock
metadata:
  generatedAt: "2025-09-10T08:52:47.903870601Z"
  generatedBy: Distribution Tooling for Helm
chart:
  name: istio-platform
  version: 0.0.1
  appVersion: ""
images:
  - name: pilot
    image: docker.io/istio/pilot:1.27.1
    chart: istio-platform
    digests:
      - digest: sha256:9bece77a4c5aa9d02d097cbe0cd55d5dafa007cf8050169b7a5466451db23443
        arch: linux/arm64
      - digest: sha256:f0f6ddae993b70bf3f3a79b6d008d761aef5e37172b9049a5cc19889872e53ae
        arch: linux/amd64
  - name: proxyv2
    image: docker.io/istio/proxyv2:1.27.1
    chart: istio-platform
    digests:
      - digest: sha256:9f58cfb4854e10ed3923c8fd30f77685859d188cf540bce35809545f945c67c0
        arch: linux/arm64
      - digest: sha256:c799357a34f8918cb3cc47ba50c152d8a43f2875f499e46a9aa2b0537d9ba412
        arch: linux/amd64
