apiVersion: v0
kind: ImagesLock
metadata:
  generatedAt: "2025-09-24T12:33:23.911228439Z"
  generatedBy: Distribution Tooling for Helm
chart:
  name: artifactory-platform
  version: 0.0.1
  appVersion: ""
images:
  - name: artifactory-oss
    image: releases-docker.jfrog.io/jfrog/artifactory-oss:7.117.17
    chart: artifactory-platform
    digests:
      - digest: sha256:27d180f1c8c27fdf66f794fcf4df2965a790b7c4b275252a827e6e6bb14524f9
        arch: linux/arm64
      - digest: sha256:c9492a2fb7a357733ec60b808a183b557772a4bdefcc6066ef6361acc8cc0d54
        arch: linux/amd64
  - name: artifactory-jcr
    image: releases-docker.jfrog.io/jfrog/artifactory-jcr:7.117.17
    chart: artifactory-platform
    digests:
      - digest: sha256:7a875378481a5265edb7bc5754f217724c010274b1207fd67cacaa23f06d2a7d
        arch: linux/arm64
      - digest: sha256:e3b5862b2600c6dcdeee86de08c84cfa0183758128085301f777ddab09c450ef
        arch: linux/amd64
  - name: router
    image: releases-docker.jfrog.io/jfrog/router:7.177.6
    chart: artifactory-platform
    digests:
      - digest: sha256:426b0fcd6545b9ea83e76d81a1ca64d1d8c97e5c14c482430d925dba967a9447
        arch: linux/arm64
      - digest: sha256:6a73604306c2736795086a236aef6a96ee87f8dee71a103fbac205d8344767be
        arch: linux/amd64
  - name: init-container
    image: platform.artifactory.qvantel.net/platform/platform-k8s-tools-minimal:1.3.3_202509080945_master_90384dcc
    chart: artifactory-platform
    digests:
      - digest: sha256:01d431df5a9acc9973316961a7c911382bd0446c37e46b3ab69c4af6dec04118
        arch: linux/arm64
      - digest: sha256:381a4bb1cccb3892b1ca064c706f7b390f1ecc1d126d4df0d58bf34ee4f2ec40
        arch: linux/amd64
