apiVersion: v0
kind: ImagesLock
metadata:
  generatedAt: "2024-08-16T13:07:46.269660196Z"
  generatedBy: Distribution Tooling for Helm
chart:
  name: artifactory-platform
  version: 0.0.1
  appVersion: ""
images:
  - name: artifactory-oss
    image: releases-docker.jfrog.io/jfrog/artifactory-oss:7.90.5
    chart: artifactory-platform
    digests:
      - digest: sha256:fb0b84cea8e80220b442f0eb70550d789363b898a769958630dc91ec1388ad51
        arch: linux/arm64
      - digest: sha256:1c837eb4005621ecd48518b8383e2b94546bdf11cee29a4fa6dd2753aa01fe7e
        arch: linux/amd64
  - name: artifactory-jcr
    image: releases-docker.jfrog.io/jfrog/artifactory-jcr:7.90.5
    chart: artifactory-platform
    digests:
      - digest: sha256:dc7b9c9de235de285039aa98beec08f273c6559ce8cd5532ce0652b13589d259
        arch: linux/arm64
      - digest: sha256:068fb8dcc122682f256db81e356367d63732af93995579688aaa9952e24a214c
        arch: linux/amd64
  - name: router
    image: releases-docker.jfrog.io/jfrog/router:7.118.0
    chart: artifactory-platform
    digests:
      - digest: sha256:7c2cce12365c29e58289e6399a82104dd3dc6286599f5f3d503bcc8266e90f95
        arch: linux/arm64
      - digest: sha256:987138a8db4e90b6c2cf666596795fbb322eceb2ba3da4b1db8862c2d179bd26
        arch: linux/amd64
  - name: init-container
    image: registry.access.redhat.com/ubi9/ubi-minimal:9.4-1194
    chart: artifactory-platform
    digests:
      - digest: sha256:73f7dcacb460dad137a58f24668470a5a2e47378838a0190eef0ab532c6e8998
        arch: linux/amd64
      - digest: sha256:8e2db05c13c422bfd50dbe48b8e075b8d9d735e7c5a2a54b4aec340b1ad2e6cd
        arch: linux/arm64
      - digest: sha256:f4fff18f00095d6674a01f46bc00fa89c7802409c4739e0c75f9d0d18345db8a
        arch: linux/ppc64le
      - digest: sha256:4838ec8de62b1838ef78eb9954969f542f87a782e7c66e77a0874aaf000ed80b
        arch: linux/s390x
