dependencies:
- name: gateway
  repository: https://artifactory.qvantel.net/artifactory/helm-platform/
  version: 1.17.2
- name: gateway
  repository: https://artifactory.qvantel.net/artifactory/helm-platform/
  version: 1.17.2
- name: gateway
  repository: https://artifactory.qvantel.net/artifactory/helm-platform/
  version: 1.17.2
- name: gateway
  repository: https://artifactory.qvantel.net/artifactory/helm-platform/
  version: 1.17.2
digest: sha256:695dd3e5bf5c80ecd48e4aee111a27a4ce7e8524f839c551f54794b50b87a293
generated: "2023-05-28T11:01:41.40674912+03:00"
