apiVersion: v0
kind: ImagesLock
metadata:
  generatedAt: "2024-08-15T11:30:39.584141099Z"
  generatedBy: Distribution Tooling for Helm
chart:
  name: redis-platform
  version: 0.0.1
  appVersion: ""
images:
  - name: kubectl
    image: artifactory.qvantel.net/platform/platform-k8s-tools-minimal:1.2.0_4_20c54b53f
    chart: redis
    digests:
      - digest: sha256:8dea80119987d0abcf63558d8aedecd97192b5312f8c1649e86d88832ce8962c
        arch: linux/amd64
      - digest: sha256:e1f5c92e19a1c7b074984f3f36ae3bcd5b596c831cbafecf8e5befc8bece6ac7
        arch: linux/arm64
  - name: os-shell
    image: artifactory.qvantel.net/platform/platform-k8s-tools-minimal:1.2.0_4_20c54b53f
    chart: redis
    digests:
      - digest: sha256:8dea80119987d0abcf63558d8aedecd97192b5312f8c1649e86d88832ce8962c
        arch: linux/amd64
      - digest: sha256:e1f5c92e19a1c7b074984f3f36ae3bcd5b596c831cbafecf8e5befc8bece6ac7
        arch: linux/arm64
  - name: redis
    image: docker.io/bitnami/redis:7.2.5-debian-12-r4
    chart: redis
    digests:
      - digest: sha256:79a1d020032eec29b58762f7add09cf4fd7d4987ae487ab73c8f20e57b30c2d4
        arch: linux/amd64
      - digest: sha256:947014a1ad8fd2e86fa04cc9d34723f916370ecb009336c5ef5e9f0d918f33a3
        arch: linux/arm64
  - name: redis-exporter
    image: docker.io/bitnami/redis-exporter:1.62.0-debian-12-r2
    chart: redis
    digests:
      - digest: sha256:87eb1444a891b22dec2a1f1e65355bdb77b645c3cc5cd78bc7e5eb5fe3af5eac
        arch: linux/amd64
      - digest: sha256:d42aabf4159783bb07810a8d0530c9b76c047c3528b0bfeb1b632b08f15706cf
        arch: linux/arm64
  - name: redis-sentinel
    image: docker.io/bitnami/redis-sentinel:7.2.5-debian-12-r4
    chart: redis
    digests:
      - digest: sha256:1ca6e5192137cb3f618e217a03e57f9f09ed61247c7892af721415061ecd4c40
        arch: linux/amd64
      - digest: sha256:8d33769466e10e0ffc86f05fd73ae567aa86d8e0a2b29884f5f8231f70a88bf0
        arch: linux/arm64

