apiVersion: v0
kind: ImagesLock
metadata:
  generatedAt: "2024-08-15T11:30:39.584141099Z"
  generatedBy: Distribution Tooling for Helm
chart:
  name: redis-platform
  version: 0.0.1
  appVersion: ""
images:
  - name: kubectl
    image: docker.io/bitnami/kubectl:1.30.3-debian-12-r4
    chart: redis
    digests:
      - digest: sha256:081ec1d4a5891eb562b962acee9822a389e702d8a898178ff3c9b88b48ff9c6a
        arch: linux/amd64
      - digest: sha256:53cc36e901a3a15033fef703f5ff5be717d751e1b00892a30d630f5812889d08
        arch: linux/arm64
  - name: os-shell
    image: docker.io/bitnami/os-shell:12-debian-12-r27
    chart: redis
    digests:
      - digest: sha256:cd41a3244e2c742611791d2764213796681a5ea9cf59aa86e27dc41df760cd9c
        arch: linux/amd64
      - digest: sha256:9c3550accda74e642da2ca24894d334cf18381f7a354773129b230f5eb756e24
        arch: linux/arm64
  - name: redis
    image: docker.io/bitnami/redis:7.2.5-debian-12-r4
    chart: redis
    digests:
      - digest: sha256:79a1d020032eec29b58762f7add09cf4fd7d4987ae487ab73c8f20e57b30c2d4
        arch: linux/amd64
      - digest: sha256:947014a1ad8fd2e86fa04cc9d34723f916370ecb009336c5ef5e9f0d918f33a3
        arch: linux/arm64
  - name: redis-exporter
    image: docker.io/bitnami/redis-exporter:1.62.0-debian-12-r2
    chart: redis
    digests:
      - digest: sha256:87eb1444a891b22dec2a1f1e65355bdb77b645c3cc5cd78bc7e5eb5fe3af5eac
        arch: linux/amd64
      - digest: sha256:d42aabf4159783bb07810a8d0530c9b76c047c3528b0bfeb1b632b08f15706cf
        arch: linux/arm64
  - name: redis-sentinel
    image: docker.io/bitnami/redis-sentinel:7.2.5-debian-12-r4
    chart: redis
    digests:
      - digest: sha256:1ca6e5192137cb3f618e217a03e57f9f09ed61247c7892af721415061ecd4c40
        arch: linux/amd64
      - digest: sha256:8d33769466e10e0ffc86f05fd73ae567aa86d8e0a2b29884f5f8231f70a88bf0
        arch: linux/arm64

