apiVersion: v0
kind: ImagesLock
metadata:
  generatedAt: "2024-08-20T15:29:46.224113296Z"
  generatedBy: Distribution Tooling for Helm
chart:
  name: redis-platform
  version: 0.0.1
  appVersion: ""
images:
  - name: kubectl
    image: platform.artifactory.qvantel.net/platform/platform-k8s-tools-minimal:1.2.0_10_5193dbce5
    chart: redis-platform
    digests:
      - digest: sha256:052563c36febf8a1995cc6048f09106eb6b523f4d13e0554cdfb2e00af6a19df
        arch: linux/arm64
      - digest: sha256:aa6ee22f409e725b29e9f7e5a4bf37073bfda8da3bb44102460109c696ac6381
        arch: linux/amd64
  - name: redis
    image: docker.io/bitnami/redis:7.2.5-debian-12-r4
    chart: redis
    digests:
      - digest: sha256:79a1d020032eec29b58762f7add09cf4fd7d4987ae487ab73c8f20e57b30c2d4
        arch: linux/amd64
      - digest: sha256:947014a1ad8fd2e86fa04cc9d34723f916370ecb009336c5ef5e9f0d918f33a3
        arch: linux/arm64
  - name: redis-exporter
    image: docker.io/bitnami/redis-exporter:1.62.0-debian-12-r2
    chart: redis
    digests:
      - digest: sha256:87eb1444a891b22dec2a1f1e65355bdb77b645c3cc5cd78bc7e5eb5fe3af5eac
        arch: linux/amd64
      - digest: sha256:d42aabf4159783bb07810a8d0530c9b76c047c3528b0bfeb1b632b08f15706cf
        arch: linux/arm64
  - name: redis-sentinel
    image: docker.io/bitnami/redis-sentinel:7.2.5-debian-12-r4
    chart: redis
    digests:
      - digest: sha256:1ca6e5192137cb3f618e217a03e57f9f09ed61247c7892af721415061ecd4c40
        arch: linux/amd64
      - digest: sha256:8d33769466e10e0ffc86f05fd73ae567aa86d8e0a2b29884f5f8231f70a88bf0
        arch: linux/arm64
