dependencies:
- name: eck-operator
  repository: https://artifactory.qvantel.net/artifactory/helm-platform/
  version: 2.2.0
- name: logstash
  repository: https://artifactory.qvantel.net/artifactory/helm-platform/
  version: 7.16.2
- name: filebeat
  repository: https://artifactory.qvantel.net/artifactory/helm-platform/
  version: 7.16.2
digest: sha256:5cd25af6096b76d27388018d195109d6cbe847e58485a00f4b8e98bb1f8f8075
generated: "2023-03-13T21:27:06.878861639+02:00"
