dependencies:
- name: eck-operator
  repository: https://helm.elastic.co
  version: 3.1.0
- name: logstash
  repository: https://helm.elastic.co
  version: 8.5.1
- name: eck-beats
  repository: https://helm.elastic.co
  version: 0.16.0
digest: sha256:edeb82435a9836d724004505441abf1cce1fed11838f1c8d0639f416fd96587f
generated: "2025-10-15T16:44:35.460968216+03:00"
