apiVersion: v0
kind: ImagesLock
metadata:
  generatedAt: "2025-11-21T13:23:41.95492882Z"
  generatedBy: Distribution Tooling for Helm
chart:
  name: kafka-platform
  version: 0.0.1
  appVersion: ""
images:
  - name: operator-043
    image: quay.io/strimzi/operator:0.43.0
    chart: kafka-platform
    digests:
      - digest: sha256:d3ad91c18183ff2fab03da27eae667e4901670eec2bccb03d7f3365dfb6c1d60
        arch: linux/amd64
      - digest: sha256:ed74d92ce60aae006457e5e80210330f898a575e8bf99b41b13eafb9f68d06e9
        arch: linux/arm64
  - name: operator-0451
    image: quay.io/strimzi/operator:0.45.1
    chart: kafka-platform
    digests:
      - digest: sha256:27f3055b8c592b3b1a34fb0ce551161b387a496a987e1e9467e978c5fb297d34
        arch: linux/amd64
      - digest: sha256:4ded6b4a2678ac42ae59a547c4f9c01c03fe3e353497a830692e7b16374eb18f
        arch: linux/arm64
  - name: kafka-043-380
    image: quay.io/strimzi/kafka:0.43.0-kafka-3.8.0
    chart: kafka-platform
    digests:
      - digest: sha256:0fe2a417da7f09b02a612d37228ce1891fedd78be6fbc9145f6442554e74f02e
        arch: linux/amd64
      - digest: sha256:7c7ae30c87c2c0a9b19f6e828a10a900bf15962bc08f5511c7862f25ee5f2ac3
        arch: linux/arm64
  - name: kafka-0451-391
    image: quay.io/strimzi/kafka:0.45.1-kafka-3.9.1
    chart: kafka-platform
    digests:
      - digest: sha256:8bb64e372fdef6c4e4125658fe5b8151720e1082d98f1ac8240c5790d1077910
        arch: linux/amd64
      - digest: sha256:02009a524eaa75b362e715ffa068b7d99c412ea7d1be56184ab92c8695c92575
        arch: linux/arm64
  - name: kafka-bridge-030
    image: quay.io/strimzi/kafka-bridge:0.30.0
    chart: kafka-platform
    digests:
      - digest: sha256:0211a913f18c0c9b1e67a710ca66d6fcce472f0670622aa690a67896886babed
        arch: linux/amd64
      - digest: sha256:0c49437ac53293dd6d8e61b67f2e2842b78b9857b64fbb245bd1322996aacd76
        arch: linux/arm64
  - name: kafka-bridge-0311
    image: quay.io/strimzi/kafka-bridge:0.31.1
    chart: kafka-platform
    digests:
      - digest: sha256:c64d62549d0daf1680abcc3cc9361333bce45de452523ad7e91eb00319a6221f
        arch: linux/amd64
      - digest: sha256:bd922a93c41e2e839bc5ba7d40f5a0da831e44e03dd5da880e32b16f015d2092
        arch: linux/arm64
  - name: kaniko-executor-043
    image: quay.io/strimzi/kaniko-executor:0.43.0
    chart: kafka-platform
    digests:
      - digest: sha256:b9fda52720a8c6ae739df862b988abcc29dd6b223b681afc2dc7387bcd42c9e0
        arch: linux/amd64
      - digest: sha256:3edced8385a32cb6de7b3a843a0fc695ed1c33fdbd7f58ad330937cc2475bb23
        arch: linux/arm64
  - name: kaniko-executor-0451
    image: quay.io/strimzi/kaniko-executor:0.45.1
    chart: kafka-platform
    digests:
      - digest: sha256:b9fda52720a8c6ae739df862b988abcc29dd6b223b681afc2dc7387bcd42c9e0
        arch: linux/amd64
      - digest: sha256:3edced8385a32cb6de7b3a843a0fc695ed1c33fdbd7f58ad330937cc2475bb23
        arch: linux/arm64
  - name: maven-builder-043
    image: quay.io/strimzi/maven-builder:0.43.0
    chart: kafka-platform
    digests:
      - digest: sha256:b19bb811daf44f03d79d98693a761d994de46ef65edc5c4ee321531af1252ff3
        arch: linux/amd64
      - digest: sha256:5584be35b9ff52a9edc3f6a45509c8832ecc639bd605d73eaa65d9784bc61f25
        arch: linux/arm64
  - name: maven-builder-0451
    image: quay.io/strimzi/maven-builder:0.45.1
    chart: kafka-platform
    digests:
      - digest: sha256:b8194e41fb3aece637c0d8effef20f2255040778a5b36e9b5f896a97927db7ce
        arch: linux/amd64
      - digest: sha256:5af4d5f4385d0a8fcd1bcf8d9bc87bf13e3e8ea352bbbe39588918aca8fc1b2b
        arch: linux/arm64
  - name: kafka-ui
    image: ghcr.io/kafbat/kafka-ui:v1.3.0
    chart: kafka-platform
    digests:
      - digest: sha256:f06fc2cefb961b2afaf43936022c32e40358833b803dc2d845948ef413991fe6
        arch: linux/amd64
      - digest: sha256:8d0973a77247c53f5775f0da723f9db0f75e36d304e3c411c5085893d2718f6b
        arch: linux/arm64
  - name: strimzi-shutdown
    image: ghcr.io/scholzj/strimzi-shutdown:0.1.0
    chart: kafka-platform
    digests:
      - digest: sha256:c38455729ed464f33667ccce75513846b914ae67312982c4936b5738388e1012
        arch: linux/amd64
      - digest: sha256:4c9ec3321063d3e14a1c2a6d771f9462298ce54a66327ccc057d010ca8992c32
        arch: linux/arm64
