apiVersion: v0
kind: ImagesLock
metadata:
  generatedAt: "2024-10-03T09:05:25.675356645Z"
  generatedBy: Distribution Tooling for Helm
chart:
  name: kafka-platform
  version: 0.0.1
  appVersion: ""
images:
  - name: operator
    image: quay.io/strimzi/operator:0.37.0
    chart: kafka-platform
    digests:
      - digest: sha256:202cb9d2cd20602b622cd09e5d522b650e6e327c9c54dfa8f3c2e559949aa477
        arch: linux/amd64
      - digest: sha256:205c994d398ef948960e3253ce5fae3ccac9771745c389fbd6bd9cd422b8bfa3
        arch: linux/arm64
  - name: kafka
    image: quay.io/strimzi/kafka:0.37.0-kafka-3.5.1
    chart: kafka-platform
    digests:
      - digest: sha256:17fffbb06201b9ab73c431eaa4e506ceaf855e8c29b844131cbfdf8067426234
        arch: linux/amd64
      - digest: sha256:ed433b82aa76529a6f8245ae967c8bddbd6c7da012474980e8e9845baeb9e99d
        arch: linux/arm64
  - name: kafka-bridge
    image: quay.io/strimzi/kafka-bridge:0.26.1
    chart: kafka-platform
    digests:
      - digest: sha256:0c8077ff5983ffdb4786aae89cd4a76007e317e84be88ecd55e64600726ccdf1
        arch: linux/amd64
      - digest: sha256:e93ff46ea3546fde10c0d3cf8d59bbbd397a70269392e7532f09239c7016882d
        arch: linux/arm64
  - name: kaniko-executor
    image: quay.io/strimzi/kaniko-executor:0.37.0
    chart: kafka-platform
    digests:
      - digest: sha256:71d30172bd94d6c39fb0f9ea4cb42b05bb428fd81b031e17f28828be2876cd08
        arch: linux/amd64
      - digest: sha256:a3348eb562f60b3afec727b266013bc43cbf8f9f1876ab6c089b5011760f6a4c
        arch: linux/arm64
  - name: maven-builder
    image: quay.io/strimzi/maven-builder:0.37.0
    chart: kafka-platform
    digests:
      - digest: sha256:408e0d7498ab8a35b647c249344a32b69ce9df857587117770b5454019b21013
        arch: linux/amd64
      - digest: sha256:e98dfbe7bbf8d99c3ce649abe249fd1e1b5f2e5f91c77bf0af551ff2f71dd358
        arch: linux/arm64
  - name: kafka-ui
    image: ghcr.io/kafbat/kafka-ui:126980339425e4bff3d98b020fe606778d3c45b1
    chart: kafka-platform
    digests:
      - digest: sha256:cc86297eeab7963056ac7bdcf8f96fb275570e9aa505fd8004c00ea4dc20839f
        arch: linux/amd64
      - digest: sha256:ccf3db646533f4bb76845f4e032d4facd40e012fd87cea08c6bfd780d1831814
        arch: linux/arm64
