dependencies:
- name: gateway
  repository: https://artifactory.qvantel.net/artifactory/helm-platform/
  version: 1.17.6
- name: gateway
  repository: https://artifactory.qvantel.net/artifactory/helm-platform/
  version: 1.17.6
- name: gateway
  repository: https://artifactory.qvantel.net/artifactory/helm-platform/
  version: 1.17.6
- name: gateway
  repository: https://artifactory.qvantel.net/artifactory/helm-platform/
  version: 1.17.6
digest: sha256:4d411d8e68f99859234204af77d09227238830e4a49fa0a90f3439906ba338ca
generated: "2023-09-24T16:30:17.722947764+03:00"
