dependencies:
- name: gateway
  repository: https://istio-release.storage.googleapis.com/charts
  version: 1.23.2
- name: gateway
  repository: https://istio-release.storage.googleapis.com/charts
  version: 1.23.2
- name: gateway
  repository: https://istio-release.storage.googleapis.com/charts
  version: 1.23.2
- name: gateway
  repository: https://istio-release.storage.googleapis.com/charts
  version: 1.23.2
digest: sha256:4d5418daed0ad9e74e5d0181240887a38069a49df25635614ecd7665c64148ea
generated: "2024-09-25T17:47:58.440245451+03:00"
