dependencies:
- name: gateway
  repository: https://istio-release.storage.googleapis.com/charts
  version: 1.27.1
- name: gateway
  repository: https://istio-release.storage.googleapis.com/charts
  version: 1.27.1
- name: gateway
  repository: https://istio-release.storage.googleapis.com/charts
  version: 1.27.1
- name: gateway
  repository: https://istio-release.storage.googleapis.com/charts
  version: 1.27.1
digest: sha256:ef8034e4290129151749969c3f1bf47334c6033aa3eb4105a8c5fe93ffc37044
generated: "2025-09-10T11:57:06.78356634+03:00"
