apiVersion: v0
kind: ImagesLock
metadata:
  generatedAt: "2026-02-26T09:44:45.295629498Z"
  generatedBy: Distribution Tooling for Helm
chart:
  name: keycloak-platform
  version: 0.0.1
  appVersion: ""
images:
  - name: keycloak
    image: artifactory.qvantel.net/qvaa-keycloak-qrp-postgres-quarkus:26.5.4.1.20260223090358_master_5d24b362
    chart: keycloak-platform
    digests:
      - digest: sha256:ca3d4087f5c00214e52edb9ec84d6be7a60b5cd93aaaa4d53952b53b9f1f6eca
        arch: linux/arm64
      - digest: sha256:189d2e7b3a45661810547ce37c3cf9389e7caa735d07ba8cb4d1d3709cafc045
        arch: linux/amd64
  - name: keycloak-configurator
    image: artifactory.qvantel.net/keycloak-configurator-standalone:1.20.7.20251230135611_develop_58aee552
    chart: keycloak-platform
    digests:
      - digest: sha256:5021d168172453e60e5ff9a531144ad55440b6e452b3c7943ec2ceefa923ca94
        arch: linux/arm64
      - digest: sha256:bd4794c2c7783bee604be4bd8e062403918b99c17f1fb1b9ac6f5b6645ede437
        arch: linux/amd64
