apiVersion: v0
kind: ImagesLock
metadata:
  generatedAt: "2025-09-19T09:33:49.447124726Z"
  generatedBy: Distribution Tooling for Helm
chart:
  name: keycloak-platform
  version: 0.0.1
  appVersion: ""
images:
  - name: keycloak
    image: artifactory.qvantel.net/qvaa-keycloak-qrp-postgres-quarkus:26.3.4.1.20250915091446_master_91aeae1b
    chart: keycloak-platform
    digests:
      - digest: sha256:3e342161494a6014cad10b65c4f106a4c7508f0ad08b6de2381bf6e95708e8f0
        arch: linux/arm64
      - digest: sha256:baa597f8877f3dda79d6553403576b9ad59518a18eea51dd895b67c56fb730ca
        arch: linux/amd64
  - name: keycloak-configurator
    image: artifactory.qvantel.net/keycloak-configurator-standalone:1.20.3.20250721061444_develop_e1ae757a
    chart: keycloak-platform
    digests:
      - digest: sha256:25b2106562d0e7668fbdb726d3192bd46ca95aa0362c9925118aba3c47c9e4ce
        arch: linux/arm64
      - digest: sha256:eafb71f3447fde16562078cbaaf1ca0473e45c1e4a31a9eb9155205f767dbda8
        arch: linux/amd64
