apiVersion: v0
kind: ImagesLock
metadata:
  generatedAt: "2025-01-15T10:37:35.566217652Z"
  generatedBy: Distribution Tooling for Helm
chart:
  name: keycloak-platform
  version: 0.0.1
  appVersion: ""
images:
  - name: keycloak
    image: artifactory.qvantel.net/qvaa-keycloak-qrp-postgres-quarkus:24.0.5.4.20240819100502_hotfix-24_d5c69cea
    chart: keycloak-platform
    digests:
      - digest: sha256:5d90cca8523dda75c42512d52e5b76f04c667fff90f5c2786f2ee7aef67d685c
        arch: linux/arm64
      - digest: sha256:168b67a56ca0fff3a205de2ccabee1e20ff4b9cd32aac0dd4ad88a85d72c683e
        arch: linux/amd64
  - name: keycloak-configurator
    image: artifactory.qvantel.net/keycloak-configurator-standalone:1.18.1.20250115062040_develop_c85e3e6d
    chart: keycloak-platform
    digests:
      - digest: sha256:5a2bb22b94c624d456c9e86d8a37e3decb5f0a7a9174d0a9a76c82f186313d90
        arch: linux/arm64
      - digest: sha256:c0870ad7bed1ea36d24aee1f4d4e5b57846a3c516d28e16568cc5fb801976d4d
        arch: linux/amd64
